// !$*UTF8*$!
{
	archiveVersion = 1;
	classes = {
	};
	objectVersion = 46;
	objects = {

/* Begin PBXBuildFile section */
		040184E9153419A700599EA1 /* UIKit.framework in Frameworks */ = {isa = PBXBuildFile; fileRef = 040184E8153419A700599EA1 /* UIKit.framework */; };
		040184EB153419A700599EA1 /* Foundation.framework in Frameworks */ = {isa = PBXBuildFile; fileRef = 040184EA153419A700599EA1 /* Foundation.framework */; };
		040184ED153419A700599EA1 /* CoreGraphics.framework in Frameworks */ = {isa = PBXBuildFile; fileRef = 040184EC153419A700599EA1 /* CoreGraphics.framework */; };
		040184F3153419A700599EA1 /* InfoPlist.strings in Resources */ = {isa = PBXBuildFile; fileRef = 040184F1153419A700599EA1 /* InfoPlist.strings */; };
		040184F5153419A700599EA1 /* main.m in Sources */ = {isa = PBXBuildFile; fileRef = 040184F4153419A700599EA1 /* main.m */; };
		040184F9153419A700599EA1 /* AppDelegate.m in Sources */ = {isa = PBXBuildFile; fileRef = 040184F8153419A700599EA1 /* AppDelegate.m */; };
		040184FC153419A700599EA1 /* MainStoryboard.storyboard in Resources */ = {isa = PBXBuildFile; fileRef = 040184FA153419A700599EA1 /* MainStoryboard.storyboard */; };
		040184FF153419A700599EA1 /* ViewController.m in Sources */ = {isa = PBXBuildFile; fileRef = 040184FE153419A700599EA1 /* ViewController.m */; };
		040208EF1536A7110028462F /* LoginViewController.m in Sources */ = {isa = PBXBuildFile; fileRef = 040208EE1536A7110028462F /* LoginViewController.m */; };
		040208FF1536EEBF0028462F /* Resource.m in Sources */ = {isa = PBXBuildFile; fileRef = 040208FE1536EEBF0028462F /* Resource.m */; };
		040209151537A9460028462F /* API.m in Sources */ = {isa = PBXBuildFile; fileRef = 040209081537A9440028462F /* API.m */; };
		040209161537A9460028462F /* APIThread.m in Sources */ = {isa = PBXBuildFile; fileRef = 0402090A1537A9440028462F /* APIThread.m */; };
		040209171537A9460028462F /* AppFactory.m in Sources */ = {isa = PBXBuildFile; fileRef = 0402090C1537A9440028462F /* AppFactory.m */; };
		040209181537A9460028462F /* ImageRuntimeStorage.m in Sources */ = {isa = PBXBuildFile; fileRef = 0402090E1537A9450028462F /* ImageRuntimeStorage.m */; };
		040209191537A9460028462F /* NSData+Base64.m in Sources */ = {isa = PBXBuildFile; fileRef = 040209101537A9450028462F /* NSData+Base64.m */; settings = {COMPILER_FLAGS = "-fno-objc-arc"; }; };
		0402091A1537A9460028462F /* Util.m in Sources */ = {isa = PBXBuildFile; fileRef = 040209121537A9450028462F /* Util.m */; };
		0402091B1537A9460028462F /* Utility.m in Sources */ = {isa = PBXBuildFile; fileRef = 040209141537A9450028462F /* Utility.m */; };
		040209241537AB020028462F /* HTTPRequest.m in Sources */ = {isa = PBXBuildFile; fileRef = 0402091D1537AB020028462F /* HTTPRequest.m */; };
		040209251537AB020028462F /* HTTPRequestParameter.m in Sources */ = {isa = PBXBuildFile; fileRef = 0402091F1537AB020028462F /* HTTPRequestParameter.m */; };
		040209261537AB020028462F /* HTTPResult.m in Sources */ = {isa = PBXBuildFile; fileRef = 040209211537AB020028462F /* HTTPResult.m */; };
		040209271537AB020028462F /* HTTPUtil.m in Sources */ = {isa = PBXBuildFile; fileRef = 040209231537AB020028462F /* HTTPUtil.m */; };
		040209321537AB860028462F /* ConversationCell.m in Sources */ = {isa = PBXBuildFile; fileRef = 040209281537AB830028462F /* ConversationCell.m */; };
		040209331537AB860028462F /* RegistrationCell.m in Sources */ = {isa = PBXBuildFile; fileRef = 0402092A1537AB840028462F /* RegistrationCell.m */; };
		040209341537AB860028462F /* BuddyItem.m in Sources */ = {isa = PBXBuildFile; fileRef = 0402092C1537AB850028462F /* BuddyItem.m */; };
		040209351537AB860028462F /* BuddyCell.m in Sources */ = {isa = PBXBuildFile; fileRef = 0402092D1537AB850028462F /* BuddyCell.m */; };
		040209361537AB860028462F /* AvatarField.m in Sources */ = {isa = PBXBuildFile; fileRef = 040209311537AB860028462F /* AvatarField.m */; };
		0402093B1537ADC10028462F /* RegistrationViewController.m in Sources */ = {isa = PBXBuildFile; fileRef = 040209391537ADC10028462F /* RegistrationViewController.m */; };
		0402093E1537B83E0028462F /* defaultIcon.png in Resources */ = {isa = PBXBuildFile; fileRef = 0402093D1537B83E0028462F /* defaultIcon.png */; };
		040209431537BB190028462F /* HomeViewController.m in Sources */ = {isa = PBXBuildFile; fileRef = 040209421537BB190028462F /* HomeViewController.m */; };
		0402094D1538CEFC0028462F /* MenuItemViewController.m in Sources */ = {isa = PBXBuildFile; fileRef = 0402094C1538CEFC0028462F /* MenuItemViewController.m */; };
		040209501538CF210028462F /* MenuItemCell.m in Sources */ = {isa = PBXBuildFile; fileRef = 0402094F1538CF200028462F /* MenuItemCell.m */; };
		040209531538FCE60028462F /* ListMenuViewController.m in Sources */ = {isa = PBXBuildFile; fileRef = 040209521538FCE60028462F /* ListMenuViewController.m */; };
		040209561538FD040028462F /* ListMenuCell.m in Sources */ = {isa = PBXBuildFile; fileRef = 040209551538FD030028462F /* ListMenuCell.m */; };
		04020961153C095A0028462F /* MBProgressHUD.m in Sources */ = {isa = PBXBuildFile; fileRef = 04020960153C095A0028462F /* MBProgressHUD.m */; settings = {COMPILER_FLAGS = "-fno-objc-arc"; }; };
		04020970153C1F790028462F /* NSObject+SBJSON.m in Sources */ = {isa = PBXBuildFile; fileRef = 04020965153C1F790028462F /* NSObject+SBJSON.m */; settings = {COMPILER_FLAGS = "-fno-objc-arc"; }; };
		04020971153C1F790028462F /* NSString+SBJSON.m in Sources */ = {isa = PBXBuildFile; fileRef = 04020967153C1F790028462F /* NSString+SBJSON.m */; settings = {COMPILER_FLAGS = "-fno-objc-arc"; }; };
		04020972153C1F790028462F /* SBJSON.m in Sources */ = {isa = PBXBuildFile; fileRef = 04020969153C1F790028462F /* SBJSON.m */; settings = {COMPILER_FLAGS = "-fno-objc-arc"; }; };
		04020973153C1F790028462F /* SBJsonBase.m in Sources */ = {isa = PBXBuildFile; fileRef = 0402096B153C1F790028462F /* SBJsonBase.m */; settings = {COMPILER_FLAGS = "-fno-objc-arc"; }; };
		04020974153C1F790028462F /* SBJsonParser.m in Sources */ = {isa = PBXBuildFile; fileRef = 0402096D153C1F790028462F /* SBJsonParser.m */; settings = {COMPILER_FLAGS = "-fno-objc-arc"; }; };
		04020975153C1F790028462F /* SBJsonWriter.m in Sources */ = {isa = PBXBuildFile; fileRef = 0402096F153C1F790028462F /* SBJsonWriter.m */; settings = {COMPILER_FLAGS = "-fno-objc-arc"; }; };
		04020979153C205C0028462F /* Vendor.m in Sources */ = {isa = PBXBuildFile; fileRef = 04020978153C205C0028462F /* Vendor.m */; };
		0402097C153C206E0028462F /* VendorParser.m in Sources */ = {isa = PBXBuildFile; fileRef = 0402097B153C206E0028462F /* VendorParser.m */; };
		040F563D153E936300DE8231 /* VendorItemListViewController.m in Sources */ = {isa = PBXBuildFile; fileRef = 040F563C153E936300DE8231 /* VendorItemListViewController.m */; };
		040F5641153E937B00DE8231 /* VendorItemListCell.m in Sources */ = {isa = PBXBuildFile; fileRef = 040F5640153E937B00DE8231 /* VendorItemListCell.m */; };
		040F5644153EA24100DE8231 /* VendoerMenuItemParser.m in Sources */ = {isa = PBXBuildFile; fileRef = 040F5643153EA24000DE8231 /* VendoerMenuItemParser.m */; };
		040F5647153EA24F00DE8231 /* VendorMenuItem.m in Sources */ = {isa = PBXBuildFile; fileRef = 040F5646153EA24F00DE8231 /* VendorMenuItem.m */; };
		0421296D153D493E00BB6FA5 /* VendorDashboardViewController.m in Sources */ = {isa = PBXBuildFile; fileRef = 0421296C153D493E00BB6FA5 /* VendorDashboardViewController.m */; };
		04212970153D496600BB6FA5 /* VendorDashboardCellTop.m in Sources */ = {isa = PBXBuildFile; fileRef = 0421296F153D496600BB6FA5 /* VendorDashboardCellTop.m */; };
		04212973153D498100BB6FA5 /* VendorDashboardCellSubMenu.m in Sources */ = {isa = PBXBuildFile; fileRef = 04212972153D498100BB6FA5 /* VendorDashboardCellSubMenu.m */; };
/* End PBXBuildFile section */

/* Begin PBXFileReference section */
		040184E4153419A700599EA1 /* DeliveryApps.app */ = {isa = PBXFileReference; explicitFileType = wrapper.application; includeInIndex = 0; path = DeliveryApps.app; sourceTree = BUILT_PRODUCTS_DIR; };
		040184E8153419A700599EA1 /* UIKit.framework */ = {isa = PBXFileReference; lastKnownFileType = wrapper.framework; name = UIKit.framework; path = System/Library/Frameworks/UIKit.framework; sourceTree = SDKROOT; };
		040184EA153419A700599EA1 /* Foundation.framework */ = {isa = PBXFileReference; lastKnownFileType = wrapper.framework; name = Foundation.framework; path = System/Library/Frameworks/Foundation.framework; sourceTree = SDKROOT; };
		040184EC153419A700599EA1 /* CoreGraphics.framework */ = {isa = PBXFileReference; lastKnownFileType = wrapper.framework; name = CoreGraphics.framework; path = System/Library/Frameworks/CoreGraphics.framework; sourceTree = SDKROOT; };
		040184F0153419A700599EA1 /* DeliveryApps-Info.plist */ = {isa = PBXFileReference; lastKnownFileType = text.plist.xml; path = "DeliveryApps-Info.plist"; sourceTree = "<group>"; };
		040184F2153419A700599EA1 /* en */ = {isa = PBXFileReference; lastKnownFileType = text.plist.strings; name = en; path = en.lproj/InfoPlist.strings; sourceTree = "<group>"; };
		040184F4153419A700599EA1 /* main.m */ = {isa = PBXFileReference; lastKnownFileType = sourcecode.c.objc; path = main.m; sourceTree = "<group>"; };
		040184F6153419A700599EA1 /* DeliveryApps-Prefix.pch */ = {isa = PBXFileReference; lastKnownFileType = sourcecode.c.h; path = "DeliveryApps-Prefix.pch"; sourceTree = "<group>"; };
		040184F7153419A700599EA1 /* AppDelegate.h */ = {isa = PBXFileReference; lastKnownFileType = sourcecode.c.h; path = AppDelegate.h; sourceTree = "<group>"; };
		040184F8153419A700599EA1 /* AppDelegate.m */ = {isa = PBXFileReference; lastKnownFileType = sourcecode.c.objc; path = AppDelegate.m; sourceTree = "<group>"; };
		040184FB153419A700599EA1 /* en */ = {isa = PBXFileReference; lastKnownFileType = file.storyboard; name = en; path = en.lproj/MainStoryboard.storyboard; sourceTree = "<group>"; };
		040184FD153419A700599EA1 /* ViewController.h */ = {isa = PBXFileReference; lastKnownFileType = sourcecode.c.h; path = ViewController.h; sourceTree = "<group>"; };
		040184FE153419A700599EA1 /* ViewController.m */ = {isa = PBXFileReference; lastKnownFileType = sourcecode.c.objc; path = ViewController.m; sourceTree = "<group>"; };
		040208ED1536A7110028462F /* LoginViewController.h */ = {isa = PBXFileReference; fileEncoding = 4; lastKnownFileType = sourcecode.c.h; path = LoginViewController.h; sourceTree = "<group>"; };
		040208EE1536A7110028462F /* LoginViewController.m */ = {isa = PBXFileReference; fileEncoding = 4; lastKnownFileType = sourcecode.c.objc; path = LoginViewController.m; sourceTree = "<group>"; };
		040208FD1536EEBF0028462F /* Resource.h */ = {isa = PBXFileReference; fileEncoding = 4; lastKnownFileType = sourcecode.c.h; path = Resource.h; sourceTree = "<group>"; };
		040208FE1536EEBF0028462F /* Resource.m */ = {isa = PBXFileReference; fileEncoding = 4; lastKnownFileType = sourcecode.c.objc; path = Resource.m; sourceTree = "<group>"; };
		0402090315379EF30028462F /* Protocols.h */ = {isa = PBXFileReference; fileEncoding = 4; lastKnownFileType = sourcecode.c.h; path = Protocols.h; sourceTree = "<group>"; };
		040209071537A9440028462F /* API.h */ = {isa = PBXFileReference; fileEncoding = 4; lastKnownFileType = sourcecode.c.h; path = API.h; sourceTree = "<group>"; };
		040209081537A9440028462F /* API.m */ = {isa = PBXFileReference; fileEncoding = 4; lastKnownFileType = sourcecode.c.objc; path = API.m; sourceTree = "<group>"; };
		040209091537A9440028462F /* APIThread.h */ = {isa = PBXFileReference; fileEncoding = 4; lastKnownFileType = sourcecode.c.h; path = APIThread.h; sourceTree = "<group>"; };
		0402090A1537A9440028462F /* APIThread.m */ = {isa = PBXFileReference; fileEncoding = 4; lastKnownFileType = sourcecode.c.objc; path = APIThread.m; sourceTree = "<group>"; };
		0402090B1537A9440028462F /* AppFactory.h */ = {isa = PBXFileReference; fileEncoding = 4; lastKnownFileType = sourcecode.c.h; path = AppFactory.h; sourceTree = "<group>"; };
		0402090C1537A9440028462F /* AppFactory.m */ = {isa = PBXFileReference; fileEncoding = 4; lastKnownFileType = sourcecode.c.objc; path = AppFactory.m; sourceTree = "<group>"; };
		0402090D1537A9440028462F /* ImageRuntimeStorage.h */ = {isa = PBXFileReference; fileEncoding = 4; lastKnownFileType = sourcecode.c.h; path = ImageRuntimeStorage.h; sourceTree = "<group>"; };
		0402090E1537A9450028462F /* ImageRuntimeStorage.m */ = {isa = PBXFileReference; fileEncoding = 4; lastKnownFileType = sourcecode.c.objc; path = ImageRuntimeStorage.m; sourceTree = "<group>"; };
		0402090F1537A9450028462F /* NSData+Base64.h */ = {isa = PBXFileReference; fileEncoding = 4; lastKnownFileType = sourcecode.c.h; path = "NSData+Base64.h"; sourceTree = "<group>"; };
		040209101537A9450028462F /* NSData+Base64.m */ = {isa = PBXFileReference; fileEncoding = 4; lastKnownFileType = sourcecode.c.objc; path = "NSData+Base64.m"; sourceTree = "<group>"; };
		040209111537A9450028462F /* Util.h */ = {isa = PBXFileReference; fileEncoding = 4; lastKnownFileType = sourcecode.c.h; path = Util.h; sourceTree = "<group>"; };
		040209121537A9450028462F /* Util.m */ = {isa = PBXFileReference; fileEncoding = 4; lastKnownFileType = sourcecode.c.objc; path = Util.m; sourceTree = "<group>"; };
		040209131537A9450028462F /* Utility.h */ = {isa = PBXFileReference; fileEncoding = 4; lastKnownFileType = sourcecode.c.h; path = Utility.h; sourceTree = "<group>"; };
		040209141537A9450028462F /* Utility.m */ = {isa = PBXFileReference; fileEncoding = 4; lastKnownFileType = sourcecode.c.objc; path = Utility.m; sourceTree = "<group>"; };
		0402091C1537AB020028462F /* HTTPRequest.h */ = {isa = PBXFileReference; fileEncoding = 4; lastKnownFileType = sourcecode.c.h; path = HTTPRequest.h; sourceTree = "<group>"; };
		0402091D1537AB020028462F /* HTTPRequest.m */ = {isa = PBXFileReference; fileEncoding = 4; lastKnownFileType = sourcecode.c.objc; path = HTTPRequest.m; sourceTree = "<group>"; };
		0402091E1537AB020028462F /* HTTPRequestParameter.h */ = {isa = PBXFileReference; fileEncoding = 4; lastKnownFileType = sourcecode.c.h; path = HTTPRequestParameter.h; sourceTree = "<group>"; };
		0402091F1537AB020028462F /* HTTPRequestParameter.m */ = {isa = PBXFileReference; fileEncoding = 4; lastKnownFileType = sourcecode.c.objc; path = HTTPRequestParameter.m; sourceTree = "<group>"; };
		040209201537AB020028462F /* HTTPResult.h */ = {isa = PBXFileReference; fileEncoding = 4; lastKnownFileType = sourcecode.c.h; path = HTTPResult.h; sourceTree = "<group>"; };
		040209211537AB020028462F /* HTTPResult.m */ = {isa = PBXFileReference; fileEncoding = 4; lastKnownFileType = sourcecode.c.objc; path = HTTPResult.m; sourceTree = "<group>"; };
		040209221537AB020028462F /* HTTPUtil.h */ = {isa = PBXFileReference; fileEncoding = 4; lastKnownFileType = sourcecode.c.h; path = HTTPUtil.h; sourceTree = "<group>"; };
		040209231537AB020028462F /* HTTPUtil.m */ = {isa = PBXFileReference; fileEncoding = 4; lastKnownFileType = sourcecode.c.objc; path = HTTPUtil.m; sourceTree = "<group>"; };
		040209281537AB830028462F /* ConversationCell.m */ = {isa = PBXFileReference; fileEncoding = 4; lastKnownFileType = sourcecode.c.objc; path = ConversationCell.m; sourceTree = "<group>"; };
		040209291537AB840028462F /* ConversationCell.h */ = {isa = PBXFileReference; fileEncoding = 4; lastKnownFileType = sourcecode.c.h; path = ConversationCell.h; sourceTree = "<group>"; };
		0402092A1537AB840028462F /* RegistrationCell.m */ = {isa = PBXFileReference; fileEncoding = 4; lastKnownFileType = sourcecode.c.objc; path = RegistrationCell.m; sourceTree = "<group>"; };
		0402092B1537AB840028462F /* RegistrationCell.h */ = {isa = PBXFileReference; fileEncoding = 4; lastKnownFileType = sourcecode.c.h; path = RegistrationCell.h; sourceTree = "<group>"; };
		0402092C1537AB850028462F /* BuddyItem.m */ = {isa = PBXFileReference; fileEncoding = 4; lastKnownFileType = sourcecode.c.objc; path = BuddyItem.m; sourceTree = "<group>"; };
		0402092D1537AB850028462F /* BuddyCell.m */ = {isa = PBXFileReference; fileEncoding = 4; lastKnownFileType = sourcecode.c.objc; path = BuddyCell.m; sourceTree = "<group>"; };
		0402092E1537AB850028462F /* BuddyItem.h */ = {isa = PBXFileReference; fileEncoding = 4; lastKnownFileType = sourcecode.c.h; path = BuddyItem.h; sourceTree = "<group>"; };
		0402092F1537AB850028462F /* BuddyCell.h */ = {isa = PBXFileReference; fileEncoding = 4; lastKnownFileType = sourcecode.c.h; path = BuddyCell.h; sourceTree = "<group>"; };
		040209301537AB850028462F /* AvatarField.h */ = {isa = PBXFileReference; fileEncoding = 4; lastKnownFileType = sourcecode.c.h; path = AvatarField.h; sourceTree = "<group>"; };
		040209311537AB860028462F /* AvatarField.m */ = {isa = PBXFileReference; fileEncoding = 4; lastKnownFileType = sourcecode.c.objc; path = AvatarField.m; sourceTree = "<group>"; };
		040209391537ADC10028462F /* RegistrationViewController.m */ = {isa = PBXFileReference; fileEncoding = 4; lastKnownFileType = sourcecode.c.objc; path = RegistrationViewController.m; sourceTree = "<group>"; };
		0402093A1537ADC10028462F /* RegistrationViewController.h */ = {isa = PBXFileReference; fileEncoding = 4; lastKnownFileType = sourcecode.c.h; path = RegistrationViewController.h; sourceTree = "<group>"; };
		0402093D1537B83E0028462F /* defaultIcon.png */ = {isa = PBXFileReference; lastKnownFileType = image.png; path = defaultIcon.png; sourceTree = "<group>"; };
		040209411537BB190028462F /* HomeViewController.h */ = {isa = PBXFileReference; fileEncoding = 4; lastKnownFileType = sourcecode.c.h; path = HomeViewController.h; sourceTree = "<group>"; };
		040209421537BB190028462F /* HomeViewController.m */ = {isa = PBXFileReference; fileEncoding = 4; lastKnownFileType = sourcecode.c.objc; path = HomeViewController.m; sourceTree = "<group>"; };
		0402094B1538CEFC0028462F /* MenuItemViewController.h */ = {isa = PBXFileReference; fileEncoding = 4; lastKnownFileType = sourcecode.c.h; path = MenuItemViewController.h; sourceTree = "<group>"; };
		0402094C1538CEFC0028462F /* MenuItemViewController.m */ = {isa = PBXFileReference; fileEncoding = 4; lastKnownFileType = sourcecode.c.objc; path = MenuItemViewController.m; sourceTree = "<group>"; };
		0402094E1538CF1F0028462F /* MenuItemCell.h */ = {isa = PBXFileReference; fileEncoding = 4; lastKnownFileType = sourcecode.c.h; path = MenuItemCell.h; sourceTree = "<group>"; };
		0402094F1538CF200028462F /* MenuItemCell.m */ = {isa = PBXFileReference; fileEncoding = 4; lastKnownFileType = sourcecode.c.objc; path = MenuItemCell.m; sourceTree = "<group>"; };
		040209511538FCE50028462F /* ListMenuViewController.h */ = {isa = PBXFileReference; fileEncoding = 4; lastKnownFileType = sourcecode.c.h; path = ListMenuViewController.h; sourceTree = "<group>"; };
		040209521538FCE60028462F /* ListMenuViewController.m */ = {isa = PBXFileReference; fileEncoding = 4; lastKnownFileType = sourcecode.c.objc; path = ListMenuViewController.m; sourceTree = "<group>"; };
		040209541538FD020028462F /* ListMenuCell.h */ = {isa = PBXFileReference; fileEncoding = 4; lastKnownFileType = sourcecode.c.h; path = ListMenuCell.h; sourceTree = "<group>"; };
		040209551538FD030028462F /* ListMenuCell.m */ = {isa = PBXFileReference; fileEncoding = 4; lastKnownFileType = sourcecode.c.objc; path = ListMenuCell.m; sourceTree = "<group>"; };
		0402095F153C09590028462F /* MBProgressHUD.h */ = {isa = PBXFileReference; fileEncoding = 4; lastKnownFileType = sourcecode.c.h; path = MBProgressHUD.h; sourceTree = "<group>"; };
		04020960153C095A0028462F /* MBProgressHUD.m */ = {isa = PBXFileReference; fileEncoding = 4; lastKnownFileType = sourcecode.c.objc; path = MBProgressHUD.m; sourceTree = "<group>"; };
		04020963153C1F790028462F /* JSON.h */ = {isa = PBXFileReference; fileEncoding = 4; lastKnownFileType = sourcecode.c.h; path = JSON.h; sourceTree = "<group>"; };
		04020964153C1F790028462F /* NSObject+SBJSON.h */ = {isa = PBXFileReference; fileEncoding = 4; lastKnownFileType = sourcecode.c.h; path = "NSObject+SBJSON.h"; sourceTree = "<group>"; };
		04020965153C1F790028462F /* NSObject+SBJSON.m */ = {isa = PBXFileReference; fileEncoding = 4; lastKnownFileType = sourcecode.c.objc; path = "NSObject+SBJSON.m"; sourceTree = "<group>"; };
		04020966153C1F790028462F /* NSString+SBJSON.h */ = {isa = PBXFileReference; fileEncoding = 4; lastKnownFileType = sourcecode.c.h; path = "NSString+SBJSON.h"; sourceTree = "<group>"; };
		04020967153C1F790028462F /* NSString+SBJSON.m */ = {isa = PBXFileReference; fileEncoding = 4; lastKnownFileType = sourcecode.c.objc; path = "NSString+SBJSON.m"; sourceTree = "<group>"; };
		04020968153C1F790028462F /* SBJSON.h */ = {isa = PBXFileReference; fileEncoding = 4; lastKnownFileType = sourcecode.c.h; path = SBJSON.h; sourceTree = "<group>"; };
		04020969153C1F790028462F /* SBJSON.m */ = {isa = PBXFileReference; fileEncoding = 4; lastKnownFileType = sourcecode.c.objc; path = SBJSON.m; sourceTree = "<group>"; };
		0402096A153C1F790028462F /* SBJsonBase.h */ = {isa = PBXFileReference; fileEncoding = 4; lastKnownFileType = sourcecode.c.h; path = SBJsonBase.h; sourceTree = "<group>"; };
		0402096B153C1F790028462F /* SBJsonBase.m */ = {isa = PBXFileReference; fileEncoding = 4; lastKnownFileType = sourcecode.c.objc; path = SBJsonBase.m; sourceTree = "<group>"; };
		0402096C153C1F790028462F /* SBJsonParser.h */ = {isa = PBXFileReference; fileEncoding = 4; lastKnownFileType = sourcecode.c.h; path = SBJsonParser.h; sourceTree = "<group>"; };
		0402096D153C1F790028462F /* SBJsonParser.m */ = {isa = PBXFileReference; fileEncoding = 4; lastKnownFileType = sourcecode.c.objc; path = SBJsonParser.m; sourceTree = "<group>"; };
		0402096E153C1F790028462F /* SBJsonWriter.h */ = {isa = PBXFileReference; fileEncoding = 4; lastKnownFileType = sourcecode.c.h; path = SBJsonWriter.h; sourceTree = "<group>"; };
		0402096F153C1F790028462F /* SBJsonWriter.m */ = {isa = PBXFileReference; fileEncoding = 4; lastKnownFileType = sourcecode.c.objc; path = SBJsonWriter.m; sourceTree = "<group>"; };
		04020977153C205C0028462F /* Vendor.h */ = {isa = PBXFileReference; fileEncoding = 4; lastKnownFileType = sourcecode.c.h; path = Vendor.h; sourceTree = "<group>"; };
		04020978153C205C0028462F /* Vendor.m */ = {isa = PBXFileReference; fileEncoding = 4; lastKnownFileType = sourcecode.c.objc; path = Vendor.m; sourceTree = "<group>"; };
		0402097A153C206E0028462F /* VendorParser.h */ = {isa = PBXFileReference; fileEncoding = 4; lastKnownFileType = sourcecode.c.h; path = VendorParser.h; sourceTree = "<group>"; };
		0402097B153C206E0028462F /* VendorParser.m */ = {isa = PBXFileReference; fileEncoding = 4; lastKnownFileType = sourcecode.c.objc; path = VendorParser.m; sourceTree = "<group>"; };
		040F563B153E936300DE8231 /* VendorItemListViewController.h */ = {isa = PBXFileReference; fileEncoding = 4; lastKnownFileType = sourcecode.c.h; path = VendorItemListViewController.h; sourceTree = "<group>"; };
		040F563C153E936300DE8231 /* VendorItemListViewController.m */ = {isa = PBXFileReference; fileEncoding = 4; lastKnownFileType = sourcecode.c.objc; path = VendorItemListViewController.m; sourceTree = "<group>"; };
		040F563F153E937A00DE8231 /* VendorItemListCell.h */ = {isa = PBXFileReference; fileEncoding = 4; lastKnownFileType = sourcecode.c.h; path = VendorItemListCell.h; sourceTree = "<group>"; };
		040F5640153E937B00DE8231 /* VendorItemListCell.m */ = {isa = PBXFileReference; fileEncoding = 4; lastKnownFileType = sourcecode.c.objc; path = VendorItemListCell.m; sourceTree = "<group>"; };
		040F5642153EA24000DE8231 /* VendoerMenuItemParser.h */ = {isa = PBXFileReference; fileEncoding = 4; lastKnownFileType = sourcecode.c.h; path = VendoerMenuItemParser.h; sourceTree = "<group>"; };
		040F5643153EA24000DE8231 /* VendoerMenuItemParser.m */ = {isa = PBXFileReference; fileEncoding = 4; lastKnownFileType = sourcecode.c.objc; path = VendoerMenuItemParser.m; sourceTree = "<group>"; };
		040F5645153EA24F00DE8231 /* VendorMenuItem.h */ = {isa = PBXFileReference; fileEncoding = 4; lastKnownFileType = sourcecode.c.h; path = VendorMenuItem.h; sourceTree = "<group>"; };
		040F5646153EA24F00DE8231 /* VendorMenuItem.m */ = {isa = PBXFileReference; fileEncoding = 4; lastKnownFileType = sourcecode.c.objc; path = VendorMenuItem.m; sourceTree = "<group>"; };
		0421296B153D493E00BB6FA5 /* VendorDashboardViewController.h */ = {isa = PBXFileReference; fileEncoding = 4; lastKnownFileType = sourcecode.c.h; path = VendorDashboardViewController.h; sourceTree = "<group>"; };
		0421296C153D493E00BB6FA5 /* VendorDashboardViewController.m */ = {isa = PBXFileReference; fileEncoding = 4; lastKnownFileType = sourcecode.c.objc; path = VendorDashboardViewController.m; sourceTree = "<group>"; };
		0421296E153D496600BB6FA5 /* VendorDashboardCellTop.h */ = {isa = PBXFileReference; fileEncoding = 4; lastKnownFileType = sourcecode.c.h; path = VendorDashboardCellTop.h; sourceTree = "<group>"; };
		0421296F153D496600BB6FA5 /* VendorDashboardCellTop.m */ = {isa = PBXFileReference; fileEncoding = 4; lastKnownFileType = sourcecode.c.objc; path = VendorDashboardCellTop.m; sourceTree = "<group>"; };
		04212971153D498100BB6FA5 /* VendorDashboardCellSubMenu.h */ = {isa = PBXFileReference; fileEncoding = 4; lastKnownFileType = sourcecode.c.h; path = VendorDashboardCellSubMenu.h; sourceTree = "<group>"; };
		04212972153D498100BB6FA5 /* VendorDashboardCellSubMenu.m */ = {isa = PBXFileReference; fileEncoding = 4; lastKnownFileType = sourcecode.c.objc; path = VendorDashboardCellSubMenu.m; sourceTree = "<group>"; };
/* End PBXFileReference section */

/* Begin PBXFrameworksBuildPhase section */
		040184E1153419A700599EA1 /* Frameworks */ = {
			isa = PBXFrameworksBuildPhase;
			buildActionMask = 2147483647;
			files = (
				040184E9153419A700599EA1 /* UIKit.framework in Frameworks */,
				040184EB153419A700599EA1 /* Foundation.framework in Frameworks */,
				040184ED153419A700599EA1 /* CoreGraphics.framework in Frameworks */,
			);
			runOnlyForDeploymentPostprocessing = 0;
		};
/* End PBXFrameworksBuildPhase section */

/* Begin PBXGroup section */
		040184D9153419A700599EA1 = {
			isa = PBXGroup;
			children = (
				040184EE153419A700599EA1 /* DeliveryApps */,
				040184E7153419A700599EA1 /* Frameworks */,
				040184E5153419A700599EA1 /* Products */,
			);
			sourceTree = "<group>";
		};
		040184E5153419A700599EA1 /* Products */ = {
			isa = PBXGroup;
			children = (
				040184E4153419A700599EA1 /* DeliveryApps.app */,
			);
			name = Products;
			sourceTree = "<group>";
		};
		040184E7153419A700599EA1 /* Frameworks */ = {
			isa = PBXGroup;
			children = (
				040184E8153419A700599EA1 /* UIKit.framework */,
				040184EA153419A700599EA1 /* Foundation.framework */,
				040184EC153419A700599EA1 /* CoreGraphics.framework */,
			);
			name = Frameworks;
			sourceTree = "<group>";
		};
		040184EE153419A700599EA1 /* DeliveryApps */ = {
			isa = PBXGroup;
			children = (
				04020976153C203A0028462F /* parser */,
				040209401537BAFE0028462F /* model */,
				0402093C1537B78C0028462F /* images */,
				040208FC1536EEA00028462F /* util */,
				040208F81536EC1E0028462F /* component */,
				040208EA1536A6C90028462F /* screen */,
				040184F7153419A700599EA1 /* AppDelegate.h */,
				040184F8153419A700599EA1 /* AppDelegate.m */,
				040184FA153419A700599EA1 /* MainStoryboard.storyboard */,
				040184FD153419A700599EA1 /* ViewController.h */,
				040184FE153419A700599EA1 /* ViewController.m */,
				040184EF153419A700599EA1 /* Supporting Files */,
			);
			path = DeliveryApps;
			sourceTree = "<group>";
		};
		040184EF153419A700599EA1 /* Supporting Files */ = {
			isa = PBXGroup;
			children = (
				040184F0153419A700599EA1 /* DeliveryApps-Info.plist */,
				040184F1153419A700599EA1 /* InfoPlist.strings */,
				040184F4153419A700599EA1 /* main.m */,
				040184F6153419A700599EA1 /* DeliveryApps-Prefix.pch */,
			);
			name = "Supporting Files";
			sourceTree = "<group>";
		};
		040208EA1536A6C90028462F /* screen */ = {
			isa = PBXGroup;
			children = (
				04212969153D491100BB6FA5 /* vendor_dashboard */,
				040209471538CCD70028462F /* menu */,
				0402093F1537BAED0028462F /* home */,
				040209381537ADAF0028462F /* registration */,
				040208F71536EC0D0028462F /* main */,
				040208EC1536A6D60028462F /* login */,
			);
			name = screen;
			sourceTree = "<group>";
		};
		040208EC1536A6D60028462F /* login */ = {
			isa = PBXGroup;
			children = (
				040208ED1536A7110028462F /* LoginViewController.h */,
				040208EE1536A7110028462F /* LoginViewController.m */,
			);
			name = login;
			sourceTree = "<group>";
		};
		040208F71536EC0D0028462F /* main */ = {
			isa = PBXGroup;
			children = (
			);
			name = main;
			sourceTree = "<group>";
		};
		040208F81536EC1E0028462F /* component */ = {
			isa = PBXGroup;
			children = (
				040209281537AB830028462F /* ConversationCell.m */,
				040209291537AB840028462F /* ConversationCell.h */,
				0402092A1537AB840028462F /* RegistrationCell.m */,
				0402092B1537AB840028462F /* RegistrationCell.h */,
				0402092C1537AB850028462F /* BuddyItem.m */,
				0402092D1537AB850028462F /* BuddyCell.m */,
				0402092E1537AB850028462F /* BuddyItem.h */,
				0402092F1537AB850028462F /* BuddyCell.h */,
				040209301537AB850028462F /* AvatarField.h */,
				040209311537AB860028462F /* AvatarField.m */,
				0402090315379EF30028462F /* Protocols.h */,
				0402094E1538CF1F0028462F /* MenuItemCell.h */,
				0402094F1538CF200028462F /* MenuItemCell.m */,
				040209541538FD020028462F /* ListMenuCell.h */,
				040209551538FD030028462F /* ListMenuCell.m */,
				0421296E153D496600BB6FA5 /* VendorDashboardCellTop.h */,
				0421296F153D496600BB6FA5 /* VendorDashboardCellTop.m */,
				04212971153D498100BB6FA5 /* VendorDashboardCellSubMenu.h */,
				04212972153D498100BB6FA5 /* VendorDashboardCellSubMenu.m */,
				040F563F153E937A00DE8231 /* VendorItemListCell.h */,
				040F5640153E937B00DE8231 /* VendorItemListCell.m */,
			);
			name = component;
			sourceTree = "<group>";
		};
		040208FC1536EEA00028462F /* util */ = {
			isa = PBXGroup;
			children = (
				04020962153C1F480028462F /* JSON */,
				0402095F153C09590028462F /* MBProgressHUD.h */,
				04020960153C095A0028462F /* MBProgressHUD.m */,
				040209071537A9440028462F /* API.h */,
				040209081537A9440028462F /* API.m */,
				040209091537A9440028462F /* APIThread.h */,
				0402090A1537A9440028462F /* APIThread.m */,
				0402090B1537A9440028462F /* AppFactory.h */,
				0402090C1537A9440028462F /* AppFactory.m */,
				0402090D1537A9440028462F /* ImageRuntimeStorage.h */,
				0402090E1537A9450028462F /* ImageRuntimeStorage.m */,
				0402090F1537A9450028462F /* NSData+Base64.h */,
				040209101537A9450028462F /* NSData+Base64.m */,
				040209111537A9450028462F /* Util.h */,
				040209121537A9450028462F /* Util.m */,
				040209131537A9450028462F /* Utility.h */,
				040209141537A9450028462F /* Utility.m */,
				040209061537A77F0028462F /* http */,
				040208FD1536EEBF0028462F /* Resource.h */,
				040208FE1536EEBF0028462F /* Resource.m */,
			);
			name = util;
			sourceTree = "<group>";
		};
		040209061537A77F0028462F /* http */ = {
			isa = PBXGroup;
			children = (
				0402091C1537AB020028462F /* HTTPRequest.h */,
				0402091D1537AB020028462F /* HTTPRequest.m */,
				0402091E1537AB020028462F /* HTTPRequestParameter.h */,
				0402091F1537AB020028462F /* HTTPRequestParameter.m */,
				040209201537AB020028462F /* HTTPResult.h */,
				040209211537AB020028462F /* HTTPResult.m */,
				040209221537AB020028462F /* HTTPUtil.h */,
				040209231537AB020028462F /* HTTPUtil.m */,
			);
			name = http;
			sourceTree = "<group>";
		};
		040209381537ADAF0028462F /* registration */ = {
			isa = PBXGroup;
			children = (
				040209391537ADC10028462F /* RegistrationViewController.m */,
				0402093A1537ADC10028462F /* RegistrationViewController.h */,
			);
			name = registration;
			sourceTree = "<group>";
		};
		0402093C1537B78C0028462F /* images */ = {
			isa = PBXGroup;
			children = (
				0402093D1537B83E0028462F /* defaultIcon.png */,
			);
			name = images;
			sourceTree = "<group>";
		};
		0402093F1537BAED0028462F /* home */ = {
			isa = PBXGroup;
			children = (
				040209411537BB190028462F /* HomeViewController.h */,
				040209421537BB190028462F /* HomeViewController.m */,
			);
			name = home;
			sourceTree = "<group>";
		};
		040209401537BAFE0028462F /* model */ = {
			isa = PBXGroup;
			children = (
				04020977153C205C0028462F /* Vendor.h */,
				04020978153C205C0028462F /* Vendor.m */,
				040F5645153EA24F00DE8231 /* VendorMenuItem.h */,
				040F5646153EA24F00DE8231 /* VendorMenuItem.m */,
			);
			name = model;
			sourceTree = "<group>";
		};
		040209471538CCD70028462F /* menu */ = {
			isa = PBXGroup;
			children = (
				0402094B1538CEFC0028462F /* MenuItemViewController.h */,
				0402094C1538CEFC0028462F /* MenuItemViewController.m */,
				040209511538FCE50028462F /* ListMenuViewController.h */,
				040209521538FCE60028462F /* ListMenuViewController.m */,
			);
			name = menu;
			sourceTree = "<group>";
		};
		04020962153C1F480028462F /* JSON */ = {
			isa = PBXGroup;
			children = (
				04020963153C1F790028462F /* JSON.h */,
				04020964153C1F790028462F /* NSObject+SBJSON.h */,
				04020965153C1F790028462F /* NSObject+SBJSON.m */,
				04020966153C1F790028462F /* NSString+SBJSON.h */,
				04020967153C1F790028462F /* NSString+SBJSON.m */,
				04020968153C1F790028462F /* SBJSON.h */,
				04020969153C1F790028462F /* SBJSON.m */,
				0402096A153C1F790028462F /* SBJsonBase.h */,
				0402096B153C1F790028462F /* SBJsonBase.m */,
				0402096C153C1F790028462F /* SBJsonParser.h */,
				0402096D153C1F790028462F /* SBJsonParser.m */,
				0402096E153C1F790028462F /* SBJsonWriter.h */,
				0402096F153C1F790028462F /* SBJsonWriter.m */,
			);
			name = JSON;
			sourceTree = "<group>";
		};
		04020976153C203A0028462F /* parser */ = {
			isa = PBXGroup;
			children = (
				0402097A153C206E0028462F /* VendorParser.h */,
				0402097B153C206E0028462F /* VendorParser.m */,
				040F5642153EA24000DE8231 /* VendoerMenuItemParser.h */,
				040F5643153EA24000DE8231 /* VendoerMenuItemParser.m */,
			);
			name = parser;
			sourceTree = "<group>";
		};
		04212969153D491100BB6FA5 /* vendor_dashboard */ = {
			isa = PBXGroup;
			children = (
				0421296B153D493E00BB6FA5 /* VendorDashboardViewController.h */,
				0421296C153D493E00BB6FA5 /* VendorDashboardViewController.m */,
				040F563B153E936300DE8231 /* VendorItemListViewController.h */,
				040F563C153E936300DE8231 /* VendorItemListViewController.m */,
			);
			name = vendor_dashboard;
			sourceTree = "<group>";
		};
/* End PBXGroup section */

/* Begin PBXNativeTarget section */
		040184E3153419A700599EA1 /* DeliveryApps */ = {
			isa = PBXNativeTarget;
			buildConfigurationList = 04018502153419A700599EA1 /* Build configuration list for PBXNativeTarget "DeliveryApps" */;
			buildPhases = (
				040184E0153419A700599EA1 /* Sources */,
				040184E1153419A700599EA1 /* Frameworks */,
				040184E2153419A700599EA1 /* Resources */,
			);
			buildRules = (
			);
			dependencies = (
			);
			name = DeliveryApps;
			productName = DeliveryApps;
			productReference = 040184E4153419A700599EA1 /* DeliveryApps.app */;
			productType = "com.apple.product-type.application";
		};
/* End PBXNativeTarget section */

/* Begin PBXProject section */
		040184DB153419A700599EA1 /* Project object */ = {
			isa = PBXProject;
			attributes = {
				LastUpgradeCheck = 0430;
			};
			buildConfigurationList = 040184DE153419A700599EA1 /* Build configuration list for PBXProject "DeliveryApps" */;
			compatibilityVersion = "Xcode 3.2";
			developmentRegion = English;
			hasScannedForEncodings = 0;
			knownRegions = (
				en,
			);
			mainGroup = 040184D9153419A700599EA1;
			productRefGroup = 040184E5153419A700599EA1 /* Products */;
			projectDirPath = "";
			projectRoot = "";
			targets = (
				040184E3153419A700599EA1 /* DeliveryApps */,
			);
		};
/* End PBXProject section */

/* Begin PBXResourcesBuildPhase section */
		040184E2153419A700599EA1 /* Resources */ = {
			isa = PBXResourcesBuildPhase;
			buildActionMask = 2147483647;
			files = (
				040184F3153419A700599EA1 /* InfoPlist.strings in Resources */,
				040184FC153419A700599EA1 /* MainStoryboard.storyboard in Resources */,
				0402093E1537B83E0028462F /* defaultIcon.png in Resources */,
			);
			runOnlyForDeploymentPostprocessing = 0;
		};
/* End PBXResourcesBuildPhase section */

/* Begin PBXSourcesBuildPhase section */
		040184E0153419A700599EA1 /* Sources */ = {
			isa = PBXSourcesBuildPhase;
			buildActionMask = 2147483647;
			files = (
				040184F5153419A700599EA1 /* main.m in Sources */,
				040184F9153419A700599EA1 /* AppDelegate.m in Sources */,
				040184FF153419A700599EA1 /* ViewController.m in Sources */,
				040208EF1536A7110028462F /* LoginViewController.m in Sources */,
				040208FF1536EEBF0028462F /* Resource.m in Sources */,
				040209151537A9460028462F /* API.m in Sources */,
				040209161537A9460028462F /* APIThread.m in Sources */,
				040209171537A9460028462F /* AppFactory.m in Sources */,
				040209181537A9460028462F /* ImageRuntimeStorage.m in Sources */,
				040209191537A9460028462F /* NSData+Base64.m in Sources */,
				0402091A1537A9460028462F /* Util.m in Sources */,
				0402091B1537A9460028462F /* Utility.m in Sources */,
				040209241537AB020028462F /* HTTPRequest.m in Sources */,
				040209251537AB020028462F /* HTTPRequestParameter.m in Sources */,
				040209261537AB020028462F /* HTTPResult.m in Sources */,
				040209271537AB020028462F /* HTTPUtil.m in Sources */,
				040209321537AB860028462F /* ConversationCell.m in Sources */,
				040209331537AB860028462F /* RegistrationCell.m in Sources */,
				040209341537AB860028462F /* BuddyItem.m in Sources */,
				040209351537AB860028462F /* BuddyCell.m in Sources */,
				040209361537AB860028462F /* AvatarField.m in Sources */,
				0402093B1537ADC10028462F /* RegistrationViewController.m in Sources */,
				040209431537BB190028462F /* HomeViewController.m in Sources */,
				0402094D1538CEFC0028462F /* MenuItemViewController.m in Sources */,
				040209501538CF210028462F /* MenuItemCell.m in Sources */,
				040209531538FCE60028462F /* ListMenuViewController.m in Sources */,
				040209561538FD040028462F /* ListMenuCell.m in Sources */,
				04020961153C095A0028462F /* MBProgressHUD.m in Sources */,
				04020970153C1F790028462F /* NSObject+SBJSON.m in Sources */,
				04020971153C1F790028462F /* NSString+SBJSON.m in Sources */,
				04020972153C1F790028462F /* SBJSON.m in Sources */,
				04020973153C1F790028462F /* SBJsonBase.m in Sources */,
				04020974153C1F790028462F /* SBJsonParser.m in Sources */,
				04020975153C1F790028462F /* SBJsonWriter.m in Sources */,
				04020979153C205C0028462F /* Vendor.m in Sources */,
				0402097C153C206E0028462F /* VendorParser.m in Sources */,
				0421296D153D493E00BB6FA5 /* VendorDashboardViewController.m in Sources */,
				04212970153D496600BB6FA5 /* VendorDashboardCellTop.m in Sources */,
				04212973153D498100BB6FA5 /* VendorDashboardCellSubMenu.m in Sources */,
				040F563D153E936300DE8231 /* VendorItemListViewController.m in Sources */,
				040F5641153E937B00DE8231 /* VendorItemListCell.m in Sources */,
				040F5644153EA24100DE8231 /* VendoerMenuItemParser.m in Sources */,
				040F5647153EA24F00DE8231 /* VendorMenuItem.m in Sources */,
			);
			runOnlyForDeploymentPostprocessing = 0;
		};
/* End PBXSourcesBuildPhase section */

/* Begin PBXVariantGroup section */
		040184F1153419A700599EA1 /* InfoPlist.strings */ = {
			isa = PBXVariantGroup;
			children = (
				040184F2153419A700599EA1 /* en */,
			);
			name = InfoPlist.strings;
			sourceTree = "<group>";
		};
		040184FA153419A700599EA1 /* MainStoryboard.storyboard */ = {
			isa = PBXVariantGroup;
			children = (
				040184FB153419A700599EA1 /* en */,
			);
			name = MainStoryboard.storyboard;
			sourceTree = "<group>";
		};
/* End PBXVariantGroup section */

/* Begin XCBuildConfiguration section */
		04018500153419A700599EA1 /* Debug */ = {
			isa = XCBuildConfiguration;
			buildSettings = {
				ALWAYS_SEARCH_USER_PATHS = NO;
				ARCHS = "$(ARCHS_STANDARD_32_BIT)";
				CLANG_ENABLE_OBJC_ARC = YES;
				CODE_SIGN_IDENTITY = "iPhone Developer";
				"CODE_SIGN_IDENTITY[sdk=iphoneos*]" = "iPhone Developer";
				COPY_PHASE_STRIP = NO;
				GCC_C_LANGUAGE_STANDARD = gnu99;
				GCC_DYNAMIC_NO_PIC = NO;
				GCC_OPTIMIZATION_LEVEL = 0;
				GCC_PREPROCESSOR_DEFINITIONS = (
					"DEBUG=1",
					"$(inherited)",
				);
				GCC_SYMBOLS_PRIVATE_EXTERN = NO;
				GCC_VERSION = com.apple.compilers.llvm.clang.1_0;
				GCC_WARN_ABOUT_RETURN_TYPE = YES;
				GCC_WARN_UNINITIALIZED_AUTOS = YES;
				GCC_WARN_UNUSED_VARIABLE = YES;
				IPHONEOS_DEPLOYMENT_TARGET = 5.0;
				PROVISIONING_PROFILE = "";
				SDKROOT = iphoneos;
			};
			name = Debug;
		};
		04018501153419A700599EA1 /* Release */ = {
			isa = XCBuildConfiguration;
			buildSettings = {
				ALWAYS_SEARCH_USER_PATHS = NO;
				ARCHS = "$(ARCHS_STANDARD_32_BIT)";
				CLANG_ENABLE_OBJC_ARC = YES;
				CODE_SIGN_IDENTITY = "iPhone Developer";
				"CODE_SIGN_IDENTITY[sdk=iphoneos*]" = "iPhone Developer";
				COPY_PHASE_STRIP = YES;
				GCC_C_LANGUAGE_STANDARD = gnu99;
				GCC_VERSION = com.apple.compilers.llvm.clang.1_0;
				GCC_WARN_ABOUT_RETURN_TYPE = YES;
				GCC_WARN_UNINITIALIZED_AUTOS = YES;
				GCC_WARN_UNUSED_VARIABLE = YES;
				IPHONEOS_DEPLOYMENT_TARGET = 5.0;
				OTHER_CFLAGS = "-DNS_BLOCK_ASSERTIONS=1";
				PROVISIONING_PROFILE = "";
				SDKROOT = iphoneos;
				VALIDATE_PRODUCT = YES;
			};
			name = Release;
		};
		04018503153419A700599EA1 /* Debug */ = {
			isa = XCBuildConfiguration;
			buildSettings = {
				GCC_PRECOMPILE_PREFIX_HEADER = YES;
				GCC_PREFIX_HEADER = "DeliveryApps/DeliveryApps-Prefix.pch";
				INFOPLIST_FILE = "DeliveryApps/DeliveryApps-Info.plist";
				PRODUCT_NAME = "$(TARGET_NAME)";
				WRAPPER_EXTENSION = app;
			};
			name = Debug;
		};
		04018504153419A700599EA1 /* Release */ = {
			isa = XCBuildConfiguration;
			buildSettings = {
				GCC_PRECOMPILE_PREFIX_HEADER = YES;
				GCC_PREFIX_HEADER = "DeliveryApps/DeliveryApps-Prefix.pch";
				INFOPLIST_FILE = "DeliveryApps/DeliveryApps-Info.plist";
				PRODUCT_NAME = "$(TARGET_NAME)";
				WRAPPER_EXTENSION = app;
			};
			name = Release;
		};
/* End XCBuildConfiguration section */

/* Begin XCConfigurationList section */
		040184DE153419A700599EA1 /* Build configuration list for PBXProject "DeliveryApps" */ = {
			isa = XCConfigurationList;
			buildConfigurations = (
				04018500153419A700599EA1 /* Debug */,
				04018501153419A700599EA1 /* Release */,
			);
			defaultConfigurationIsVisible = 0;
			defaultConfigurationName = Release;
		};
		04018502153419A700599EA1 /* Build configuration list for PBXNativeTarget "DeliveryApps" */ = {
			isa = XCConfigurationList;
			buildConfigurations = (
				04018503153419A700599EA1 /* Debug */,
				04018504153419A700599EA1 /* Release */,
			);
			defaultConfigurationIsVisible = 0;
			defaultConfigurationName = Release;
		};
/* End XCConfigurationList section */
	};
	rootObject = 040184DB153419A700599EA1 /* Project object */;
}
