// !$*UTF8*$!
{
	archiveVersion = 1;
	classes = {
	};
	objectVersion = 46;
	objects = {

/* Begin PBXBuildFile section */
		040184E9153419A700599EA1 /* UIKit.framework in Frameworks */ = {isa = PBXBuildFile; fileRef = 040184E8153419A700599EA1 /* UIKit.framework */; };
		040184EB153419A700599EA1 /* Foundation.framework in Frameworks */ = {isa = PBXBuildFile; fileRef = 040184EA153419A700599EA1 /* Foundation.framework */; };
		040184ED153419A700599EA1 /* CoreGraphics.framework in Frameworks */ = {isa = PBXBuildFile; fileRef = 040184EC153419A700599EA1 /* CoreGraphics.framework */; };
		040184F3153419A700599EA1 /* InfoPlist.strings in Resources */ = {isa = PBXBuildFile; fileRef = 040184F1153419A700599EA1 /* InfoPlist.strings */; };
		040184F5153419A700599EA1 /* main.m in Sources */ = {isa = PBXBuildFile; fileRef = 040184F4153419A700599EA1 /* main.m */; };
		040184F9153419A700599EA1 /* AppDelegate.m in Sources */ = {isa = PBXBuildFile; fileRef = 040184F8153419A700599EA1 /* AppDelegate.m */; };
		040184FC153419A700599EA1 /* MainStoryboard.storyboard in Resources */ = {isa = PBXBuildFile; fileRef = 040184FA153419A700599EA1 /* MainStoryboard.storyboard */; };
		040184FF153419A700599EA1 /* ViewController.m in Sources */ = {isa = PBXBuildFile; fileRef = 040184FE153419A700599EA1 /* ViewController.m */; };
		040208EF1536A7110028462F /* LoginViewController.m in Sources */ = {isa = PBXBuildFile; fileRef = 040208EE1536A7110028462F /* LoginViewController.m */; };
		040208FF1536EEBF0028462F /* Resource.m in Sources */ = {isa = PBXBuildFile; fileRef = 040208FE1536EEBF0028462F /* Resource.m */; };
		040209151537A9460028462F /* API.m in Sources */ = {isa = PBXBuildFile; fileRef = 040209081537A9440028462F /* API.m */; };
		040209161537A9460028462F /* APIThread.m in Sources */ = {isa = PBXBuildFile; fileRef = 0402090A1537A9440028462F /* APIThread.m */; };
		040209171537A9460028462F /* AppFactory.m in Sources */ = {isa = PBXBuildFile; fileRef = 0402090C1537A9440028462F /* AppFactory.m */; };
		040209181537A9460028462F /* ImageRuntimeStorage.m in Sources */ = {isa = PBXBuildFile; fileRef = 0402090E1537A9450028462F /* ImageRuntimeStorage.m */; };
		040209191537A9460028462F /* NSData+Base64.m in Sources */ = {isa = PBXBuildFile; fileRef = 040209101537A9450028462F /* NSData+Base64.m */; settings = {COMPILER_FLAGS = "-fno-objc-arc"; }; };
		0402091A1537A9460028462F /* Util.m in Sources */ = {isa = PBXBuildFile; fileRef = 040209121537A9450028462F /* Util.m */; };
		0402091B1537A9460028462F /* Utility.m in Sources */ = {isa = PBXBuildFile; fileRef = 040209141537A9450028462F /* Utility.m */; };
		040209241537AB020028462F /* HTTPRequest.m in Sources */ = {isa = PBXBuildFile; fileRef = 0402091D1537AB020028462F /* HTTPRequest.m */; };
		040209251537AB020028462F /* HTTPRequestParameter.m in Sources */ = {isa = PBXBuildFile; fileRef = 0402091F1537AB020028462F /* HTTPRequestParameter.m */; };
		040209261537AB020028462F /* HTTPResult.m in Sources */ = {isa = PBXBuildFile; fileRef = 040209211537AB020028462F /* HTTPResult.m */; };
		040209271537AB020028462F /* HTTPUtil.m in Sources */ = {isa = PBXBuildFile; fileRef = 040209231537AB020028462F /* HTTPUtil.m */; };
		040209321537AB860028462F /* ConversationCell.m in Sources */ = {isa = PBXBuildFile; fileRef = 040209281537AB830028462F /* ConversationCell.m */; };
		040209331537AB860028462F /* RegistrationCell.m in Sources */ = {isa = PBXBuildFile; fileRef = 0402092A1537AB840028462F /* RegistrationCell.m */; };
		040209341537AB860028462F /* BuddyItem.m in Sources */ = {isa = PBXBuildFile; fileRef = 0402092C1537AB850028462F /* BuddyItem.m */; };
		040209351537AB860028462F /* BuddyCell.m in Sources */ = {isa = PBXBuildFile; fileRef = 0402092D1537AB850028462F /* BuddyCell.m */; };
		040209361537AB860028462F /* AvatarField.m in Sources */ = {isa = PBXBuildFile; fileRef = 040209311537AB860028462F /* AvatarField.m */; };
		0402093B1537ADC10028462F /* RegistrationViewController.m in Sources */ = {isa = PBXBuildFile; fileRef = 040209391537ADC10028462F /* RegistrationViewController.m */; };
		0402093E1537B83E0028462F /* defaultIcon.png in Resources */ = {isa = PBXBuildFile; fileRef = 0402093D1537B83E0028462F /* defaultIcon.png */; };
		040209431537BB190028462F /* HomeViewController.m in Sources */ = {isa = PBXBuildFile; fileRef = 040209421537BB190028462F /* HomeViewController.m */; };
		0402094D1538CEFC0028462F /* MenuItemViewController.m in Sources */ = {isa = PBXBuildFile; fileRef = 0402094C1538CEFC0028462F /* MenuItemViewController.m */; };
		040209501538CF210028462F /* MenuItemCell.m in Sources */ = {isa = PBXBuildFile; fileRef = 0402094F1538CF200028462F /* MenuItemCell.m */; };
		040209531538FCE60028462F /* ListMenuViewController.m in Sources */ = {isa = PBXBuildFile; fileRef = 040209521538FCE60028462F /* ListMenuViewController.m */; };
		040209561538FD040028462F /* ListMenuCell.m in Sources */ = {isa = PBXBuildFile; fileRef = 040209551538FD030028462F /* ListMenuCell.m */; };
		04020961153C095A0028462F /* MBProgressHUD.m in Sources */ = {isa = PBXBuildFile; fileRef = 04020960153C095A0028462F /* MBProgressHUD.m */; settings = {COMPILER_FLAGS = "-fno-objc-arc"; }; };
		04020970153C1F790028462F /* NSObject+SBJSON.m in Sources */ = {isa = PBXBuildFile; fileRef = 04020965153C1F790028462F /* NSObject+SBJSON.m */; settings = {COMPILER_FLAGS = "-fno-objc-arc"; }; };
		04020971153C1F790028462F /* NSString+SBJSON.m in Sources */ = {isa = PBXBuildFile; fileRef = 04020967153C1F790028462F /* NSString+SBJSON.m */; settings = {COMPILER_FLAGS = "-fno-objc-arc"; }; };
		04020972153C1F790028462F /* SBJSON.m in Sources */ = {isa = PBXBuildFile; fileRef = 04020969153C1F790028462F /* SBJSON.m */; settings = {COMPILER_FLAGS = "-fno-objc-arc"; }; };
		04020973153C1F790028462F /* SBJsonBase.m in Sources */ = {isa = PBXBuildFile; fileRef = 0402096B153C1F790028462F /* SBJsonBase.m */; settings = {COMPILER_FLAGS = "-fno-objc-arc"; }; };
		04020974153C1F790028462F /* SBJsonParser.m in Sources */ = {isa = PBXBuildFile; fileRef = 0402096D153C1F790028462F /* SBJsonParser.m */; settings = {COMPILER_FLAGS = "-fno-objc-arc"; }; };
		04020975153C1F790028462F /* SBJsonWriter.m in Sources */ = {isa = PBXBuildFile; fileRef = 0402096F153C1F790028462F /* SBJsonWriter.m */; settings = {COMPILER_FLAGS = "-fno-objc-arc"; }; };
		04020979153C205C0028462F /* Vendor.m in Sources */ = {isa = PBXBuildFile; fileRef = 04020978153C205C0028462F /* Vendor.m */; };
		0402097C153C206E0028462F /* VendorParser.m in Sources */ = {isa = PBXBuildFile; fileRef = 0402097B153C206E0028462F /* VendorParser.m */; };
		040C897F155D268B004C7B45 /* divider.png in Resources */ = {isa = PBXBuildFile; fileRef = 040C897E155D268B004C7B45 /* divider.png */; };
		040F563D153E936300DE8231 /* VendorItemListViewController.m in Sources */ = {isa = PBXBuildFile; fileRef = 040F563C153E936300DE8231 /* VendorItemListViewController.m */; };
		040F5641153E937B00DE8231 /* VendorItemListCell.m in Sources */ = {isa = PBXBuildFile; fileRef = 040F5640153E937B00DE8231 /* VendorItemListCell.m */; };
		040F5644153EA24100DE8231 /* VendoerMenuItemParser.m in Sources */ = {isa = PBXBuildFile; fileRef = 040F5643153EA24000DE8231 /* VendoerMenuItemParser.m */; };
		040F5647153EA24F00DE8231 /* VendorMenuItem.m in Sources */ = {isa = PBXBuildFile; fileRef = 040F5646153EA24F00DE8231 /* VendorMenuItem.m */; };
		0421296D153D493E00BB6FA5 /* VendorDashboardViewController.m in Sources */ = {isa = PBXBuildFile; fileRef = 0421296C153D493E00BB6FA5 /* VendorDashboardViewController.m */; };
		04212970153D496600BB6FA5 /* VendorDashboardCellTop.m in Sources */ = {isa = PBXBuildFile; fileRef = 0421296F153D496600BB6FA5 /* VendorDashboardCellTop.m */; };
		04212973153D498100BB6FA5 /* VendorDashboardCellSubMenu.m in Sources */ = {isa = PBXBuildFile; fileRef = 04212972153D498100BB6FA5 /* VendorDashboardCellSubMenu.m */; };
		043C155D155D094400974924 /* NewHomeMenuViewController.m in Sources */ = {isa = PBXBuildFile; fileRef = 043C155C155D094400974924 /* NewHomeMenuViewController.m */; };
		04768B1F154695E700F31647 /* NewLoginViewController.m in Sources */ = {isa = PBXBuildFile; fileRef = 04768B1E154695E700F31647 /* NewLoginViewController.m */; };
		04768B231546961D00F31647 /* NewLoginCellTop.m in Sources */ = {isa = PBXBuildFile; fileRef = 04768B221546961D00F31647 /* NewLoginCellTop.m */; };
		04768B291546966500F31647 /* NewLoginCellBottom.m in Sources */ = {isa = PBXBuildFile; fileRef = 04768B281546966500F31647 /* NewLoginCellBottom.m */; };
		04768B301546A58800F31647 /* NewRegistrationViewController.m in Sources */ = {isa = PBXBuildFile; fileRef = 04768B2F1546A58800F31647 /* NewRegistrationViewController.m */; };
		04768B331546A62B00F31647 /* NewRegistrationCell.m in Sources */ = {isa = PBXBuildFile; fileRef = 04768B321546A62B00F31647 /* NewRegistrationCell.m */; };
		048255971541B8E500A15AD9 /* libz.dylib in Frameworks */ = {isa = PBXBuildFile; fileRef = 048255961541B8E500A15AD9 /* libz.dylib */; };
		04A00AD91547942300EB44E3 /* back-button.png in Resources */ = {isa = PBXBuildFile; fileRef = 04A00A7F1547942300EB44E3 /* back-button.png */; };
		04A00ADA1547942300EB44E3 /* back-button@2x.png in Resources */ = {isa = PBXBuildFile; fileRef = 04A00A801547942300EB44E3 /* back-button@2x.png */; };
		04A00ADB1547942300EB44E3 /* button-pressed.png in Resources */ = {isa = PBXBuildFile; fileRef = 04A00A811547942300EB44E3 /* button-pressed.png */; };
		04A00ADC1547942300EB44E3 /* button-pressed@2x.png in Resources */ = {isa = PBXBuildFile; fileRef = 04A00A821547942300EB44E3 /* button-pressed@2x.png */; };
		04A00ADD1547942300EB44E3 /* button.png in Resources */ = {isa = PBXBuildFile; fileRef = 04A00A831547942300EB44E3 /* button.png */; };
		04A00ADE1547942300EB44E3 /* button@2x.png in Resources */ = {isa = PBXBuildFile; fileRef = 04A00A841547942300EB44E3 /* button@2x.png */; };
		04A00ADF1547942300EB44E3 /* chats.png in Resources */ = {isa = PBXBuildFile; fileRef = 04A00A851547942300EB44E3 /* chats.png */; };
		04A00AE01547942300EB44E3 /* chats@2x.png in Resources */ = {isa = PBXBuildFile; fileRef = 04A00A861547942300EB44E3 /* chats@2x.png */; };
		04A00AE11547942300EB44E3 /* country.png in Resources */ = {isa = PBXBuildFile; fileRef = 04A00A871547942300EB44E3 /* country.png */; };
		04A00AE21547942300EB44E3 /* country@2x.png in Resources */ = {isa = PBXBuildFile; fileRef = 04A00A881547942300EB44E3 /* country@2x.png */; };
		04A00AE31547942300EB44E3 /* details-photo-mask.png in Resources */ = {isa = PBXBuildFile; fileRef = 04A00A891547942300EB44E3 /* details-photo-mask.png */; };
		04A00AE41547942300EB44E3 /* details-photo-mask@2x.png in Resources */ = {isa = PBXBuildFile; fileRef = 04A00A8A1547942300EB44E3 /* details-photo-mask@2x.png */; };
		04A00AE51547942300EB44E3 /* dish-beef.jpg in Resources */ = {isa = PBXBuildFile; fileRef = 04A00A8B1547942300EB44E3 /* dish-beef.jpg */; };
		04A00AE61547942300EB44E3 /* dish-bolognese.jpg in Resources */ = {isa = PBXBuildFile; fileRef = 04A00A8C1547942300EB44E3 /* dish-bolognese.jpg */; };
		04A00AE71547942300EB44E3 /* dish-carbonara.jpg in Resources */ = {isa = PBXBuildFile; fileRef = 04A00A8D1547942300EB44E3 /* dish-carbonara.jpg */; };
		04A00AE81547942300EB44E3 /* dish-fajitas.jpg in Resources */ = {isa = PBXBuildFile; fileRef = 04A00A8E1547942300EB44E3 /* dish-fajitas.jpg */; };
		04A00AE91547942300EB44E3 /* food-large.jpg in Resources */ = {isa = PBXBuildFile; fileRef = 04A00A8F1547942300EB44E3 /* food-large.jpg */; };
		04A00AEA1547942300EB44E3 /* food.jpg in Resources */ = {isa = PBXBuildFile; fileRef = 04A00A901547942300EB44E3 /* food.jpg */; };
		04A00AEB1547942300EB44E3 /* friends.png in Resources */ = {isa = PBXBuildFile; fileRef = 04A00A911547942300EB44E3 /* friends.png */; };
		04A00AEC1547942300EB44E3 /* friends@2x.png in Resources */ = {isa = PBXBuildFile; fileRef = 04A00A921547942300EB44E3 /* friends@2x.png */; };
		04A00AED1547942300EB44E3 /* icon.png in Resources */ = {isa = PBXBuildFile; fileRef = 04A00A931547942300EB44E3 /* icon.png */; };
		04A00AEE1547942300EB44E3 /* icon1.png in Resources */ = {isa = PBXBuildFile; fileRef = 04A00A941547942300EB44E3 /* icon1.png */; };
		04A00AEF1547942300EB44E3 /* icon1@2x.png in Resources */ = {isa = PBXBuildFile; fileRef = 04A00A951547942300EB44E3 /* icon1@2x.png */; };
		04A00AF01547942300EB44E3 /* icon2.png in Resources */ = {isa = PBXBuildFile; fileRef = 04A00A961547942300EB44E3 /* icon2.png */; };
		04A00AF11547942300EB44E3 /* icon2@2x.png in Resources */ = {isa = PBXBuildFile; fileRef = 04A00A971547942300EB44E3 /* icon2@2x.png */; };
		04A00AF21547942300EB44E3 /* icon3.png in Resources */ = {isa = PBXBuildFile; fileRef = 04A00A981547942300EB44E3 /* icon3.png */; };
		04A00AF31547942300EB44E3 /* icon3@2x.png in Resources */ = {isa = PBXBuildFile; fileRef = 04A00A991547942300EB44E3 /* icon3@2x.png */; };
		04A00AF41547942300EB44E3 /* icon@2x.png in Resources */ = {isa = PBXBuildFile; fileRef = 04A00A9A1547942300EB44E3 /* icon@2x.png */; };
		04A00AF51547942300EB44E3 /* ingredients-list.png in Resources */ = {isa = PBXBuildFile; fileRef = 04A00A9B1547942300EB44E3 /* ingredients-list.png */; };
		04A00AF61547942300EB44E3 /* ingredients-list@2x.png in Resources */ = {isa = PBXBuildFile; fileRef = 04A00A9C1547942300EB44E3 /* ingredients-list@2x.png */; };
		04A00AF71547942300EB44E3 /* input-text.png in Resources */ = {isa = PBXBuildFile; fileRef = 04A00A9D1547942300EB44E3 /* input-text.png */; };
		04A00AF81547942300EB44E3 /* input-text@2x.png in Resources */ = {isa = PBXBuildFile; fileRef = 04A00A9E1547942300EB44E3 /* input-text@2x.png */; };
		04A00AF91547942300EB44E3 /* ipad-back.png in Resources */ = {isa = PBXBuildFile; fileRef = 04A00A9F1547942300EB44E3 /* ipad-back.png */; };
		04A00AFA1547942300EB44E3 /* ipad-back@2x.png in Resources */ = {isa = PBXBuildFile; fileRef = 04A00AA01547942300EB44E3 /* ipad-back@2x.png */; };
		04A00AFB1547942300EB44E3 /* ipad-BG.png in Resources */ = {isa = PBXBuildFile; fileRef = 04A00AA11547942300EB44E3 /* ipad-BG.png */; };
		04A00AFC1547942300EB44E3 /* ipad-BG@2x.png in Resources */ = {isa = PBXBuildFile; fileRef = 04A00AA21547942300EB44E3 /* ipad-BG@2x.png */; };
		04A00AFD1547942300EB44E3 /* ipad-bullet.png in Resources */ = {isa = PBXBuildFile; fileRef = 04A00AA31547942300EB44E3 /* ipad-bullet.png */; };
		04A00AFE1547942300EB44E3 /* ipad-bullet@2x.png in Resources */ = {isa = PBXBuildFile; fileRef = 04A00AA41547942300EB44E3 /* ipad-bullet@2x.png */; };
		04A00AFF1547942300EB44E3 /* ipad-dotted-pattern.png in Resources */ = {isa = PBXBuildFile; fileRef = 04A00AA51547942300EB44E3 /* ipad-dotted-pattern.png */; };
		04A00B001547942300EB44E3 /* ipad-dotted-pattern@2x.png in Resources */ = {isa = PBXBuildFile; fileRef = 04A00AA61547942300EB44E3 /* ipad-dotted-pattern@2x.png */; };
		04A00B011547942300EB44E3 /* ipad-image-mask.png in Resources */ = {isa = PBXBuildFile; fileRef = 04A00AA71547942300EB44E3 /* ipad-image-mask.png */; };
		04A00B021547942300EB44E3 /* ipad-image-mask@2x.png in Resources */ = {isa = PBXBuildFile; fileRef = 04A00AA81547942300EB44E3 /* ipad-image-mask@2x.png */; };
		04A00B031547942300EB44E3 /* ipad-main-window-bg.png in Resources */ = {isa = PBXBuildFile; fileRef = 04A00AA91547942300EB44E3 /* ipad-main-window-bg.png */; };
		04A00B041547942300EB44E3 /* ipad-main-window-bg@2x.png in Resources */ = {isa = PBXBuildFile; fileRef = 04A00AAA1547942300EB44E3 /* ipad-main-window-bg@2x.png */; };
		04A00B051547942300EB44E3 /* ipad-menu-count-selected.png in Resources */ = {isa = PBXBuildFile; fileRef = 04A00AAB1547942300EB44E3 /* ipad-menu-count-selected.png */; };
		04A00B061547942300EB44E3 /* ipad-menu-count-selected@2x.png in Resources */ = {isa = PBXBuildFile; fileRef = 04A00AAC1547942300EB44E3 /* ipad-menu-count-selected@2x.png */; };
		04A00B071547942300EB44E3 /* ipad-menu-count.png in Resources */ = {isa = PBXBuildFile; fileRef = 04A00AAD1547942300EB44E3 /* ipad-menu-count.png */; };
		04A00B081547942300EB44E3 /* ipad-menu-count@2x.png in Resources */ = {isa = PBXBuildFile; fileRef = 04A00AAE1547942300EB44E3 /* ipad-menu-count@2x.png */; };
		04A00B091547942300EB44E3 /* ipad-menu-item-selected.png in Resources */ = {isa = PBXBuildFile; fileRef = 04A00AAF1547942300EB44E3 /* ipad-menu-item-selected.png */; };
		04A00B0A1547942300EB44E3 /* ipad-menu-item-selected@2x.png in Resources */ = {isa = PBXBuildFile; fileRef = 04A00AB01547942300EB44E3 /* ipad-menu-item-selected@2x.png */; };
		04A00B0B1547942300EB44E3 /* ipad-menu-item.png in Resources */ = {isa = PBXBuildFile; fileRef = 04A00AB11547942300EB44E3 /* ipad-menu-item.png */; };
		04A00B0C1547942300EB44E3 /* ipad-menu-item@2x.png in Resources */ = {isa = PBXBuildFile; fileRef = 04A00AB21547942300EB44E3 /* ipad-menu-item@2x.png */; };
		04A00B0D1547942300EB44E3 /* ipad-menubar-left.png in Resources */ = {isa = PBXBuildFile; fileRef = 04A00AB31547942300EB44E3 /* ipad-menubar-left.png */; };
		04A00B0E1547942300EB44E3 /* ipad-menubar-left@2x.png in Resources */ = {isa = PBXBuildFile; fileRef = 04A00AB41547942300EB44E3 /* ipad-menubar-left@2x.png */; };
		04A00B0F1547942300EB44E3 /* ipad-menubar-right.png in Resources */ = {isa = PBXBuildFile; fileRef = 04A00AB51547942300EB44E3 /* ipad-menubar-right.png */; };
		04A00B101547942300EB44E3 /* ipad-menubar-right@2x.png in Resources */ = {isa = PBXBuildFile; fileRef = 04A00AB61547942300EB44E3 /* ipad-menubar-right@2x.png */; };
		04A00B111547942300EB44E3 /* ipad-tabbar-left.png in Resources */ = {isa = PBXBuildFile; fileRef = 04A00AB71547942300EB44E3 /* ipad-tabbar-left.png */; };
		04A00B121547942300EB44E3 /* ipad-tabbar-left@2x.png in Resources */ = {isa = PBXBuildFile; fileRef = 04A00AB81547942300EB44E3 /* ipad-tabbar-left@2x.png */; };
		04A00B131547942300EB44E3 /* ipad-tabbar-right.png in Resources */ = {isa = PBXBuildFile; fileRef = 04A00AB91547942300EB44E3 /* ipad-tabbar-right.png */; };
		04A00B141547942300EB44E3 /* ipad-tabbar-right@2x.png in Resources */ = {isa = PBXBuildFile; fileRef = 04A00ABA1547942300EB44E3 /* ipad-tabbar-right@2x.png */; };
		04A00B151547942300EB44E3 /* leather-background.png in Resources */ = {isa = PBXBuildFile; fileRef = 04A00ABB1547942300EB44E3 /* leather-background.png */; };
		04A00B161547942300EB44E3 /* leather-background@2x.png in Resources */ = {isa = PBXBuildFile; fileRef = 04A00ABC1547942300EB44E3 /* leather-background@2x.png */; };
		04A00B171547942300EB44E3 /* list-item.png in Resources */ = {isa = PBXBuildFile; fileRef = 04A00ABD1547942300EB44E3 /* list-item.png */; };
		04A00B181547942300EB44E3 /* list-item@2x.png in Resources */ = {isa = PBXBuildFile; fileRef = 04A00ABE1547942300EB44E3 /* list-item@2x.png */; };
		04A00B191547942300EB44E3 /* list-mask.png in Resources */ = {isa = PBXBuildFile; fileRef = 04A00ABF1547942300EB44E3 /* list-mask.png */; };
		04A00B1A1547942300EB44E3 /* list-mask@2x.png in Resources */ = {isa = PBXBuildFile; fileRef = 04A00AC01547942300EB44E3 /* list-mask@2x.png */; };
		04A00B1B1547942300EB44E3 /* navbar-icon.png in Resources */ = {isa = PBXBuildFile; fileRef = 04A00AC11547942300EB44E3 /* navbar-icon.png */; };
		04A00B1C1547942300EB44E3 /* navbar-icon@2x.png in Resources */ = {isa = PBXBuildFile; fileRef = 04A00AC21547942300EB44E3 /* navbar-icon@2x.png */; };
		04A00B1D1547942300EB44E3 /* navbar.png in Resources */ = {isa = PBXBuildFile; fileRef = 04A00AC31547942300EB44E3 /* navbar.png */; };
		04A00B1E1547942300EB44E3 /* navbar@2x.png in Resources */ = {isa = PBXBuildFile; fileRef = 04A00AC41547942300EB44E3 /* navbar@2x.png */; };
		04A00B1F1547942300EB44E3 /* settings.png in Resources */ = {isa = PBXBuildFile; fileRef = 04A00AC51547942300EB44E3 /* settings.png */; };
		04A00B201547942300EB44E3 /* settings@2x.png in Resources */ = {isa = PBXBuildFile; fileRef = 04A00AC61547942300EB44E3 /* settings@2x.png */; };
		04A00B211547942300EB44E3 /* slider-cap.png in Resources */ = {isa = PBXBuildFile; fileRef = 04A00AC71547942300EB44E3 /* slider-cap.png */; };
		04A00B221547942300EB44E3 /* slider-cap@2x.png in Resources */ = {isa = PBXBuildFile; fileRef = 04A00AC81547942300EB44E3 /* slider-cap@2x.png */; };
		04A00B231547942300EB44E3 /* slider-track-fill.png in Resources */ = {isa = PBXBuildFile; fileRef = 04A00AC91547942300EB44E3 /* slider-track-fill.png */; };
		04A00B241547942300EB44E3 /* slider-track-fill@2x.png in Resources */ = {isa = PBXBuildFile; fileRef = 04A00ACA1547942300EB44E3 /* slider-track-fill@2x.png */; };
		04A00B251547942300EB44E3 /* slider-track.png in Resources */ = {isa = PBXBuildFile; fileRef = 04A00ACB1547942300EB44E3 /* slider-track.png */; };
		04A00B261547942300EB44E3 /* slider-track@2x.png in Resources */ = {isa = PBXBuildFile; fileRef = 04A00ACC1547942300EB44E3 /* slider-track@2x.png */; };
		04A00B271547942300EB44E3 /* step-bullet.png in Resources */ = {isa = PBXBuildFile; fileRef = 04A00ACD1547942300EB44E3 /* step-bullet.png */; };
		04A00B281547942300EB44E3 /* step-bullet@2x.png in Resources */ = {isa = PBXBuildFile; fileRef = 04A00ACE1547942300EB44E3 /* step-bullet@2x.png */; };
		04A00B291547942300EB44E3 /* switch-off copy.png in Resources */ = {isa = PBXBuildFile; fileRef = 04A00ACF1547942300EB44E3 /* switch-off copy.png */; };
		04A00B2A1547942300EB44E3 /* switch-off@2x.png in Resources */ = {isa = PBXBuildFile; fileRef = 04A00AD01547942300EB44E3 /* switch-off@2x.png */; };
		04A00B2B1547942300EB44E3 /* switch-on copy.png in Resources */ = {isa = PBXBuildFile; fileRef = 04A00AD11547942300EB44E3 /* switch-on copy.png */; };
		04A00B2C1547942300EB44E3 /* switch-on@2x.png in Resources */ = {isa = PBXBuildFile; fileRef = 04A00AD21547942300EB44E3 /* switch-on@2x.png */; };
		04A00B2D1547942300EB44E3 /* tabbar-item.png in Resources */ = {isa = PBXBuildFile; fileRef = 04A00AD31547942300EB44E3 /* tabbar-item.png */; };
		04A00B2E1547942300EB44E3 /* tabbar-item@2x.png in Resources */ = {isa = PBXBuildFile; fileRef = 04A00AD41547942300EB44E3 /* tabbar-item@2x.png */; };
		04A00B2F1547942300EB44E3 /* tabbar.png in Resources */ = {isa = PBXBuildFile; fileRef = 04A00AD51547942300EB44E3 /* tabbar.png */; };
		04A00B301547942300EB44E3 /* tabbar@2x.png in Resources */ = {isa = PBXBuildFile; fileRef = 04A00AD61547942300EB44E3 /* tabbar@2x.png */; };
		04A00B311547942300EB44E3 /* time.png in Resources */ = {isa = PBXBuildFile; fileRef = 04A00AD71547942300EB44E3 /* time.png */; };
		04A00B321547942300EB44E3 /* time@2x.png in Resources */ = {isa = PBXBuildFile; fileRef = 04A00AD81547942300EB44E3 /* time@2x.png */; };
		04A170E21548E9F800BFAE89 /* TokenParser.m in Sources */ = {isa = PBXBuildFile; fileRef = 04A170E11548E9F800BFAE89 /* TokenParser.m */; };
		04AC386B155D17B000843C51 /* MainMenuCell.m in Sources */ = {isa = PBXBuildFile; fileRef = 04AC386A155D17B000843C51 /* MainMenuCell.m */; };
		04C99758154EC82B0099655B /* star.png in Resources */ = {isa = PBXBuildFile; fileRef = 04C99757154EC82B0099655B /* star.png */; };
		04C9975C154ED32D0099655B /* OrderCell.m in Sources */ = {isa = PBXBuildFile; fileRef = 04C9975B154ED32D0099655B /* OrderCell.m */; };
		04C99760154ED5F70099655B /* OrderViewController.m in Sources */ = {isa = PBXBuildFile; fileRef = 04C9975F154ED5F70099655B /* OrderViewController.m */; };
		04C997A7154FF7890099655B /* iToast.m in Sources */ = {isa = PBXBuildFile; fileRef = 04C997A6154FF7880099655B /* iToast.m */; settings = {COMPILER_FLAGS = "-fno-objc-arc"; }; };
		04C997AA15500A5D0099655B /* BaseTableViewController.m in Sources */ = {isa = PBXBuildFile; fileRef = 04C997A915500A5C0099655B /* BaseTableViewController.m */; };
		04C997AD15500B6D0099655B /* MenuOrder.m in Sources */ = {isa = PBXBuildFile; fileRef = 04C997AC15500B6D0099655B /* MenuOrder.m */; };
		04C997B315500B9F0099655B /* MenuOrderItem.m in Sources */ = {isa = PBXBuildFile; fileRef = 04C997B215500B9F0099655B /* MenuOrderItem.m */; };
		04C997BA15501B3E0099655B /* CartViewController.m in Sources */ = {isa = PBXBuildFile; fileRef = 04C997B915501B3E0099655B /* CartViewController.m */; };
		04C997BD15501F7F0099655B /* CartCell.m in Sources */ = {isa = PBXBuildFile; fileRef = 04C997BC15501F7F0099655B /* CartCell.m */; };
		04C997C01550201D0099655B /* TotalCartCell.m in Sources */ = {isa = PBXBuildFile; fileRef = 04C997BF1550201D0099655B /* TotalCartCell.m */; };
		04FDA6AD154BB8A6003B853C /* TestModel.xcdatamodeld in Sources */ = {isa = PBXBuildFile; fileRef = 04FDA6AB154BB8A5003B853C /* TestModel.xcdatamodeld */; };
/* End PBXBuildFile section */

/* Begin PBXFileReference section */
		040184E4153419A700599EA1 /* DeliveryApps.app */ = {isa = PBXFileReference; explicitFileType = wrapper.application; includeInIndex = 0; path = DeliveryApps.app; sourceTree = BUILT_PRODUCTS_DIR; };
		040184E8153419A700599EA1 /* UIKit.framework */ = {isa = PBXFileReference; lastKnownFileType = wrapper.framework; name = UIKit.framework; path = System/Library/Frameworks/UIKit.framework; sourceTree = SDKROOT; };
		040184EA153419A700599EA1 /* Foundation.framework */ = {isa = PBXFileReference; lastKnownFileType = wrapper.framework; name = Foundation.framework; path = System/Library/Frameworks/Foundation.framework; sourceTree = SDKROOT; };
		040184EC153419A700599EA1 /* CoreGraphics.framework */ = {isa = PBXFileReference; lastKnownFileType = wrapper.framework; name = CoreGraphics.framework; path = System/Library/Frameworks/CoreGraphics.framework; sourceTree = SDKROOT; };
		040184F0153419A700599EA1 /* DeliveryApps-Info.plist */ = {isa = PBXFileReference; lastKnownFileType = text.plist.xml; path = "DeliveryApps-Info.plist"; sourceTree = "<group>"; };
		040184F2153419A700599EA1 /* en */ = {isa = PBXFileReference; lastKnownFileType = text.plist.strings; name = en; path = en.lproj/InfoPlist.strings; sourceTree = "<group>"; };
		040184F4153419A700599EA1 /* main.m */ = {isa = PBXFileReference; lastKnownFileType = sourcecode.c.objc; path = main.m; sourceTree = "<group>"; };
		040184F6153419A700599EA1 /* DeliveryApps-Prefix.pch */ = {isa = PBXFileReference; lastKnownFileType = sourcecode.c.h; path = "DeliveryApps-Prefix.pch"; sourceTree = "<group>"; };
		040184F7153419A700599EA1 /* AppDelegate.h */ = {isa = PBXFileReference; lastKnownFileType = sourcecode.c.h; path = AppDelegate.h; sourceTree = "<group>"; };
		040184F8153419A700599EA1 /* AppDelegate.m */ = {isa = PBXFileReference; lastKnownFileType = sourcecode.c.objc; path = AppDelegate.m; sourceTree = "<group>"; };
		040184FB153419A700599EA1 /* en */ = {isa = PBXFileReference; lastKnownFileType = file.storyboard; name = en; path = en.lproj/MainStoryboard.storyboard; sourceTree = "<group>"; };
		040184FD153419A700599EA1 /* ViewController.h */ = {isa = PBXFileReference; lastKnownFileType = sourcecode.c.h; path = ViewController.h; sourceTree = "<group>"; };
		040184FE153419A700599EA1 /* ViewController.m */ = {isa = PBXFileReference; lastKnownFileType = sourcecode.c.objc; path = ViewController.m; sourceTree = "<group>"; };
		040208ED1536A7110028462F /* LoginViewController.h */ = {isa = PBXFileReference; fileEncoding = 4; lastKnownFileType = sourcecode.c.h; path = LoginViewController.h; sourceTree = "<group>"; };
		040208EE1536A7110028462F /* LoginViewController.m */ = {isa = PBXFileReference; fileEncoding = 4; lastKnownFileType = sourcecode.c.objc; path = LoginViewController.m; sourceTree = "<group>"; };
		040208FD1536EEBF0028462F /* Resource.h */ = {isa = PBXFileReference; fileEncoding = 4; lastKnownFileType = sourcecode.c.h; path = Resource.h; sourceTree = "<group>"; };
		040208FE1536EEBF0028462F /* Resource.m */ = {isa = PBXFileReference; fileEncoding = 4; lastKnownFileType = sourcecode.c.objc; path = Resource.m; sourceTree = "<group>"; };
		0402090315379EF30028462F /* Protocols.h */ = {isa = PBXFileReference; fileEncoding = 4; lastKnownFileType = sourcecode.c.h; path = Protocols.h; sourceTree = "<group>"; };
		040209071537A9440028462F /* API.h */ = {isa = PBXFileReference; fileEncoding = 4; lastKnownFileType = sourcecode.c.h; path = API.h; sourceTree = "<group>"; };
		040209081537A9440028462F /* API.m */ = {isa = PBXFileReference; fileEncoding = 4; lastKnownFileType = sourcecode.c.objc; path = API.m; sourceTree = "<group>"; };
		040209091537A9440028462F /* APIThread.h */ = {isa = PBXFileReference; fileEncoding = 4; lastKnownFileType = sourcecode.c.h; path = APIThread.h; sourceTree = "<group>"; };
		0402090A1537A9440028462F /* APIThread.m */ = {isa = PBXFileReference; fileEncoding = 4; lastKnownFileType = sourcecode.c.objc; path = APIThread.m; sourceTree = "<group>"; };
		0402090B1537A9440028462F /* AppFactory.h */ = {isa = PBXFileReference; fileEncoding = 4; lastKnownFileType = sourcecode.c.h; path = AppFactory.h; sourceTree = "<group>"; };
		0402090C1537A9440028462F /* AppFactory.m */ = {isa = PBXFileReference; fileEncoding = 4; lastKnownFileType = sourcecode.c.objc; path = AppFactory.m; sourceTree = "<group>"; };
		0402090D1537A9440028462F /* ImageRuntimeStorage.h */ = {isa = PBXFileReference; fileEncoding = 4; lastKnownFileType = sourcecode.c.h; path = ImageRuntimeStorage.h; sourceTree = "<group>"; };
		0402090E1537A9450028462F /* ImageRuntimeStorage.m */ = {isa = PBXFileReference; fileEncoding = 4; lastKnownFileType = sourcecode.c.objc; path = ImageRuntimeStorage.m; sourceTree = "<group>"; };
		0402090F1537A9450028462F /* NSData+Base64.h */ = {isa = PBXFileReference; fileEncoding = 4; lastKnownFileType = sourcecode.c.h; path = "NSData+Base64.h"; sourceTree = "<group>"; };
		040209101537A9450028462F /* NSData+Base64.m */ = {isa = PBXFileReference; fileEncoding = 4; lastKnownFileType = sourcecode.c.objc; path = "NSData+Base64.m"; sourceTree = "<group>"; };
		040209111537A9450028462F /* Util.h */ = {isa = PBXFileReference; fileEncoding = 4; lastKnownFileType = sourcecode.c.h; path = Util.h; sourceTree = "<group>"; };
		040209121537A9450028462F /* Util.m */ = {isa = PBXFileReference; fileEncoding = 4; lastKnownFileType = sourcecode.c.objc; path = Util.m; sourceTree = "<group>"; };
		040209131537A9450028462F /* Utility.h */ = {isa = PBXFileReference; fileEncoding = 4; lastKnownFileType = sourcecode.c.h; path = Utility.h; sourceTree = "<group>"; };
		040209141537A9450028462F /* Utility.m */ = {isa = PBXFileReference; fileEncoding = 4; lastKnownFileType = sourcecode.c.objc; path = Utility.m; sourceTree = "<group>"; };
		0402091C1537AB020028462F /* HTTPRequest.h */ = {isa = PBXFileReference; fileEncoding = 4; lastKnownFileType = sourcecode.c.h; path = HTTPRequest.h; sourceTree = "<group>"; };
		0402091D1537AB020028462F /* HTTPRequest.m */ = {isa = PBXFileReference; fileEncoding = 4; lastKnownFileType = sourcecode.c.objc; path = HTTPRequest.m; sourceTree = "<group>"; };
		0402091E1537AB020028462F /* HTTPRequestParameter.h */ = {isa = PBXFileReference; fileEncoding = 4; lastKnownFileType = sourcecode.c.h; path = HTTPRequestParameter.h; sourceTree = "<group>"; };
		0402091F1537AB020028462F /* HTTPRequestParameter.m */ = {isa = PBXFileReference; fileEncoding = 4; lastKnownFileType = sourcecode.c.objc; path = HTTPRequestParameter.m; sourceTree = "<group>"; };
		040209201537AB020028462F /* HTTPResult.h */ = {isa = PBXFileReference; fileEncoding = 4; lastKnownFileType = sourcecode.c.h; path = HTTPResult.h; sourceTree = "<group>"; };
		040209211537AB020028462F /* HTTPResult.m */ = {isa = PBXFileReference; fileEncoding = 4; lastKnownFileType = sourcecode.c.objc; path = HTTPResult.m; sourceTree = "<group>"; };
		040209221537AB020028462F /* HTTPUtil.h */ = {isa = PBXFileReference; fileEncoding = 4; lastKnownFileType = sourcecode.c.h; path = HTTPUtil.h; sourceTree = "<group>"; };
		040209231537AB020028462F /* HTTPUtil.m */ = {isa = PBXFileReference; fileEncoding = 4; lastKnownFileType = sourcecode.c.objc; path = HTTPUtil.m; sourceTree = "<group>"; };
		040209281537AB830028462F /* ConversationCell.m */ = {isa = PBXFileReference; fileEncoding = 4; lastKnownFileType = sourcecode.c.objc; path = ConversationCell.m; sourceTree = "<group>"; };
		040209291537AB840028462F /* ConversationCell.h */ = {isa = PBXFileReference; fileEncoding = 4; lastKnownFileType = sourcecode.c.h; path = ConversationCell.h; sourceTree = "<group>"; };
		0402092A1537AB840028462F /* RegistrationCell.m */ = {isa = PBXFileReference; fileEncoding = 4; lastKnownFileType = sourcecode.c.objc; path = RegistrationCell.m; sourceTree = "<group>"; };
		0402092B1537AB840028462F /* RegistrationCell.h */ = {isa = PBXFileReference; fileEncoding = 4; lastKnownFileType = sourcecode.c.h; path = RegistrationCell.h; sourceTree = "<group>"; };
		0402092C1537AB850028462F /* BuddyItem.m */ = {isa = PBXFileReference; fileEncoding = 4; lastKnownFileType = sourcecode.c.objc; path = BuddyItem.m; sourceTree = "<group>"; };
		0402092D1537AB850028462F /* BuddyCell.m */ = {isa = PBXFileReference; fileEncoding = 4; lastKnownFileType = sourcecode.c.objc; path = BuddyCell.m; sourceTree = "<group>"; };
		0402092E1537AB850028462F /* BuddyItem.h */ = {isa = PBXFileReference; fileEncoding = 4; lastKnownFileType = sourcecode.c.h; path = BuddyItem.h; sourceTree = "<group>"; };
		0402092F1537AB850028462F /* BuddyCell.h */ = {isa = PBXFileReference; fileEncoding = 4; lastKnownFileType = sourcecode.c.h; path = BuddyCell.h; sourceTree = "<group>"; };
		040209301537AB850028462F /* AvatarField.h */ = {isa = PBXFileReference; fileEncoding = 4; lastKnownFileType = sourcecode.c.h; path = AvatarField.h; sourceTree = "<group>"; };
		040209311537AB860028462F /* AvatarField.m */ = {isa = PBXFileReference; fileEncoding = 4; lastKnownFileType = sourcecode.c.objc; path = AvatarField.m; sourceTree = "<group>"; };
		040209391537ADC10028462F /* RegistrationViewController.m */ = {isa = PBXFileReference; fileEncoding = 4; lastKnownFileType = sourcecode.c.objc; path = RegistrationViewController.m; sourceTree = "<group>"; };
		0402093A1537ADC10028462F /* RegistrationViewController.h */ = {isa = PBXFileReference; fileEncoding = 4; lastKnownFileType = sourcecode.c.h; path = RegistrationViewController.h; sourceTree = "<group>"; };
		0402093D1537B83E0028462F /* defaultIcon.png */ = {isa = PBXFileReference; lastKnownFileType = image.png; path = defaultIcon.png; sourceTree = "<group>"; };
		040209411537BB190028462F /* HomeViewController.h */ = {isa = PBXFileReference; fileEncoding = 4; lastKnownFileType = sourcecode.c.h; path = HomeViewController.h; sourceTree = "<group>"; };
		040209421537BB190028462F /* HomeViewController.m */ = {isa = PBXFileReference; fileEncoding = 4; lastKnownFileType = sourcecode.c.objc; path = HomeViewController.m; sourceTree = "<group>"; };
		0402094B1538CEFC0028462F /* MenuItemViewController.h */ = {isa = PBXFileReference; fileEncoding = 4; lastKnownFileType = sourcecode.c.h; path = MenuItemViewController.h; sourceTree = "<group>"; };
		0402094C1538CEFC0028462F /* MenuItemViewController.m */ = {isa = PBXFileReference; fileEncoding = 4; lastKnownFileType = sourcecode.c.objc; path = MenuItemViewController.m; sourceTree = "<group>"; };
		0402094E1538CF1F0028462F /* MenuItemCell.h */ = {isa = PBXFileReference; fileEncoding = 4; lastKnownFileType = sourcecode.c.h; path = MenuItemCell.h; sourceTree = "<group>"; };
		0402094F1538CF200028462F /* MenuItemCell.m */ = {isa = PBXFileReference; fileEncoding = 4; lastKnownFileType = sourcecode.c.objc; path = MenuItemCell.m; sourceTree = "<group>"; };
		040209511538FCE50028462F /* ListMenuViewController.h */ = {isa = PBXFileReference; fileEncoding = 4; lastKnownFileType = sourcecode.c.h; path = ListMenuViewController.h; sourceTree = "<group>"; };
		040209521538FCE60028462F /* ListMenuViewController.m */ = {isa = PBXFileReference; fileEncoding = 4; lastKnownFileType = sourcecode.c.objc; path = ListMenuViewController.m; sourceTree = "<group>"; };
		040209541538FD020028462F /* ListMenuCell.h */ = {isa = PBXFileReference; fileEncoding = 4; lastKnownFileType = sourcecode.c.h; path = ListMenuCell.h; sourceTree = "<group>"; };
		040209551538FD030028462F /* ListMenuCell.m */ = {isa = PBXFileReference; fileEncoding = 4; lastKnownFileType = sourcecode.c.objc; path = ListMenuCell.m; sourceTree = "<group>"; };
		0402095F153C09590028462F /* MBProgressHUD.h */ = {isa = PBXFileReference; fileEncoding = 4; lastKnownFileType = sourcecode.c.h; path = MBProgressHUD.h; sourceTree = "<group>"; };
		04020960153C095A0028462F /* MBProgressHUD.m */ = {isa = PBXFileReference; fileEncoding = 4; lastKnownFileType = sourcecode.c.objc; path = MBProgressHUD.m; sourceTree = "<group>"; };
		04020963153C1F790028462F /* JSON.h */ = {isa = PBXFileReference; fileEncoding = 4; lastKnownFileType = sourcecode.c.h; path = JSON.h; sourceTree = "<group>"; };
		04020964153C1F790028462F /* NSObject+SBJSON.h */ = {isa = PBXFileReference; fileEncoding = 4; lastKnownFileType = sourcecode.c.h; path = "NSObject+SBJSON.h"; sourceTree = "<group>"; };
		04020965153C1F790028462F /* NSObject+SBJSON.m */ = {isa = PBXFileReference; fileEncoding = 4; lastKnownFileType = sourcecode.c.objc; path = "NSObject+SBJSON.m"; sourceTree = "<group>"; };
		04020966153C1F790028462F /* NSString+SBJSON.h */ = {isa = PBXFileReference; fileEncoding = 4; lastKnownFileType = sourcecode.c.h; path = "NSString+SBJSON.h"; sourceTree = "<group>"; };
		04020967153C1F790028462F /* NSString+SBJSON.m */ = {isa = PBXFileReference; fileEncoding = 4; lastKnownFileType = sourcecode.c.objc; path = "NSString+SBJSON.m"; sourceTree = "<group>"; };
		04020968153C1F790028462F /* SBJSON.h */ = {isa = PBXFileReference; fileEncoding = 4; lastKnownFileType = sourcecode.c.h; path = SBJSON.h; sourceTree = "<group>"; };
		04020969153C1F790028462F /* SBJSON.m */ = {isa = PBXFileReference; fileEncoding = 4; lastKnownFileType = sourcecode.c.objc; path = SBJSON.m; sourceTree = "<group>"; };
		0402096A153C1F790028462F /* SBJsonBase.h */ = {isa = PBXFileReference; fileEncoding = 4; lastKnownFileType = sourcecode.c.h; path = SBJsonBase.h; sourceTree = "<group>"; };
		0402096B153C1F790028462F /* SBJsonBase.m */ = {isa = PBXFileReference; fileEncoding = 4; lastKnownFileType = sourcecode.c.objc; path = SBJsonBase.m; sourceTree = "<group>"; };
		0402096C153C1F790028462F /* SBJsonParser.h */ = {isa = PBXFileReference; fileEncoding = 4; lastKnownFileType = sourcecode.c.h; path = SBJsonParser.h; sourceTree = "<group>"; };
		0402096D153C1F790028462F /* SBJsonParser.m */ = {isa = PBXFileReference; fileEncoding = 4; lastKnownFileType = sourcecode.c.objc; path = SBJsonParser.m; sourceTree = "<group>"; };
		0402096E153C1F790028462F /* SBJsonWriter.h */ = {isa = PBXFileReference; fileEncoding = 4; lastKnownFileType = sourcecode.c.h; path = SBJsonWriter.h; sourceTree = "<group>"; };
		0402096F153C1F790028462F /* SBJsonWriter.m */ = {isa = PBXFileReference; fileEncoding = 4; lastKnownFileType = sourcecode.c.objc; path = SBJsonWriter.m; sourceTree = "<group>"; };
		04020977153C205C0028462F /* Vendor.h */ = {isa = PBXFileReference; fileEncoding = 4; lastKnownFileType = sourcecode.c.h; path = Vendor.h; sourceTree = "<group>"; };
		04020978153C205C0028462F /* Vendor.m */ = {isa = PBXFileReference; fileEncoding = 4; lastKnownFileType = sourcecode.c.objc; path = Vendor.m; sourceTree = "<group>"; };
		0402097A153C206E0028462F /* VendorParser.h */ = {isa = PBXFileReference; fileEncoding = 4; lastKnownFileType = sourcecode.c.h; path = VendorParser.h; sourceTree = "<group>"; };
		0402097B153C206E0028462F /* VendorParser.m */ = {isa = PBXFileReference; fileEncoding = 4; lastKnownFileType = sourcecode.c.objc; path = VendorParser.m; sourceTree = "<group>"; };
		040C897E155D268B004C7B45 /* divider.png */ = {isa = PBXFileReference; lastKnownFileType = image.png; path = divider.png; sourceTree = "<group>"; };
		040F563B153E936300DE8231 /* VendorItemListViewController.h */ = {isa = PBXFileReference; fileEncoding = 4; lastKnownFileType = sourcecode.c.h; path = VendorItemListViewController.h; sourceTree = "<group>"; };
		040F563C153E936300DE8231 /* VendorItemListViewController.m */ = {isa = PBXFileReference; fileEncoding = 4; lastKnownFileType = sourcecode.c.objc; path = VendorItemListViewController.m; sourceTree = "<group>"; };
		040F563F153E937A00DE8231 /* VendorItemListCell.h */ = {isa = PBXFileReference; fileEncoding = 4; lastKnownFileType = sourcecode.c.h; path = VendorItemListCell.h; sourceTree = "<group>"; };
		040F5640153E937B00DE8231 /* VendorItemListCell.m */ = {isa = PBXFileReference; fileEncoding = 4; lastKnownFileType = sourcecode.c.objc; path = VendorItemListCell.m; sourceTree = "<group>"; };
		040F5642153EA24000DE8231 /* VendoerMenuItemParser.h */ = {isa = PBXFileReference; fileEncoding = 4; lastKnownFileType = sourcecode.c.h; path = VendoerMenuItemParser.h; sourceTree = "<group>"; };
		040F5643153EA24000DE8231 /* VendoerMenuItemParser.m */ = {isa = PBXFileReference; fileEncoding = 4; lastKnownFileType = sourcecode.c.objc; path = VendoerMenuItemParser.m; sourceTree = "<group>"; };
		040F5645153EA24F00DE8231 /* VendorMenuItem.h */ = {isa = PBXFileReference; fileEncoding = 4; lastKnownFileType = sourcecode.c.h; path = VendorMenuItem.h; sourceTree = "<group>"; };
		040F5646153EA24F00DE8231 /* VendorMenuItem.m */ = {isa = PBXFileReference; fileEncoding = 4; lastKnownFileType = sourcecode.c.objc; path = VendorMenuItem.m; sourceTree = "<group>"; };
		0421296B153D493E00BB6FA5 /* VendorDashboardViewController.h */ = {isa = PBXFileReference; fileEncoding = 4; lastKnownFileType = sourcecode.c.h; path = VendorDashboardViewController.h; sourceTree = "<group>"; };
		0421296C153D493E00BB6FA5 /* VendorDashboardViewController.m */ = {isa = PBXFileReference; fileEncoding = 4; lastKnownFileType = sourcecode.c.objc; path = VendorDashboardViewController.m; sourceTree = "<group>"; };
		0421296E153D496600BB6FA5 /* VendorDashboardCellTop.h */ = {isa = PBXFileReference; fileEncoding = 4; lastKnownFileType = sourcecode.c.h; path = VendorDashboardCellTop.h; sourceTree = "<group>"; };
		0421296F153D496600BB6FA5 /* VendorDashboardCellTop.m */ = {isa = PBXFileReference; fileEncoding = 4; lastKnownFileType = sourcecode.c.objc; path = VendorDashboardCellTop.m; sourceTree = "<group>"; };
		04212971153D498100BB6FA5 /* VendorDashboardCellSubMenu.h */ = {isa = PBXFileReference; fileEncoding = 4; lastKnownFileType = sourcecode.c.h; path = VendorDashboardCellSubMenu.h; sourceTree = "<group>"; };
		04212972153D498100BB6FA5 /* VendorDashboardCellSubMenu.m */ = {isa = PBXFileReference; fileEncoding = 4; lastKnownFileType = sourcecode.c.objc; path = VendorDashboardCellSubMenu.m; sourceTree = "<group>"; };
		043C155B155D094400974924 /* NewHomeMenuViewController.h */ = {isa = PBXFileReference; fileEncoding = 4; lastKnownFileType = sourcecode.c.h; path = NewHomeMenuViewController.h; sourceTree = "<group>"; };
		043C155C155D094400974924 /* NewHomeMenuViewController.m */ = {isa = PBXFileReference; fileEncoding = 4; lastKnownFileType = sourcecode.c.objc; path = NewHomeMenuViewController.m; sourceTree = "<group>"; };
		04768B1D154695E600F31647 /* NewLoginViewController.h */ = {isa = PBXFileReference; fileEncoding = 4; lastKnownFileType = sourcecode.c.h; path = NewLoginViewController.h; sourceTree = "<group>"; };
		04768B1E154695E700F31647 /* NewLoginViewController.m */ = {isa = PBXFileReference; fileEncoding = 4; lastKnownFileType = sourcecode.c.objc; path = NewLoginViewController.m; sourceTree = "<group>"; };
		04768B211546961D00F31647 /* NewLoginCellTop.h */ = {isa = PBXFileReference; fileEncoding = 4; lastKnownFileType = sourcecode.c.h; path = NewLoginCellTop.h; sourceTree = "<group>"; };
		04768B221546961D00F31647 /* NewLoginCellTop.m */ = {isa = PBXFileReference; fileEncoding = 4; lastKnownFileType = sourcecode.c.objc; path = NewLoginCellTop.m; sourceTree = "<group>"; };
		04768B271546966500F31647 /* NewLoginCellBottom.h */ = {isa = PBXFileReference; fileEncoding = 4; lastKnownFileType = sourcecode.c.h; path = NewLoginCellBottom.h; sourceTree = "<group>"; };
		04768B281546966500F31647 /* NewLoginCellBottom.m */ = {isa = PBXFileReference; fileEncoding = 4; lastKnownFileType = sourcecode.c.objc; path = NewLoginCellBottom.m; sourceTree = "<group>"; };
		04768B2E1546A58800F31647 /* NewRegistrationViewController.h */ = {isa = PBXFileReference; fileEncoding = 4; lastKnownFileType = sourcecode.c.h; path = NewRegistrationViewController.h; sourceTree = "<group>"; };
		04768B2F1546A58800F31647 /* NewRegistrationViewController.m */ = {isa = PBXFileReference; fileEncoding = 4; lastKnownFileType = sourcecode.c.objc; path = NewRegistrationViewController.m; sourceTree = "<group>"; };
		04768B311546A62B00F31647 /* NewRegistrationCell.h */ = {isa = PBXFileReference; fileEncoding = 4; lastKnownFileType = sourcecode.c.h; path = NewRegistrationCell.h; sourceTree = "<group>"; };
		04768B321546A62B00F31647 /* NewRegistrationCell.m */ = {isa = PBXFileReference; fileEncoding = 4; lastKnownFileType = sourcecode.c.objc; path = NewRegistrationCell.m; sourceTree = "<group>"; };
		048255961541B8E500A15AD9 /* libz.dylib */ = {isa = PBXFileReference; lastKnownFileType = "compiled.mach-o.dylib"; name = libz.dylib; path = usr/lib/libz.dylib; sourceTree = SDKROOT; };
		04A00A7F1547942300EB44E3 /* back-button.png */ = {isa = PBXFileReference; lastKnownFileType = image.png; path = "back-button.png"; sourceTree = "<group>"; };
		04A00A801547942300EB44E3 /* back-button@2x.png */ = {isa = PBXFileReference; lastKnownFileType = image.png; path = "back-button@2x.png"; sourceTree = "<group>"; };
		04A00A811547942300EB44E3 /* button-pressed.png */ = {isa = PBXFileReference; lastKnownFileType = image.png; path = "button-pressed.png"; sourceTree = "<group>"; };
		04A00A821547942300EB44E3 /* button-pressed@2x.png */ = {isa = PBXFileReference; lastKnownFileType = image.png; path = "button-pressed@2x.png"; sourceTree = "<group>"; };
		04A00A831547942300EB44E3 /* button.png */ = {isa = PBXFileReference; lastKnownFileType = image.png; path = button.png; sourceTree = "<group>"; };
		04A00A841547942300EB44E3 /* button@2x.png */ = {isa = PBXFileReference; lastKnownFileType = image.png; path = "button@2x.png"; sourceTree = "<group>"; };
		04A00A851547942300EB44E3 /* chats.png */ = {isa = PBXFileReference; lastKnownFileType = image.png; path = chats.png; sourceTree = "<group>"; };
		04A00A861547942300EB44E3 /* chats@2x.png */ = {isa = PBXFileReference; lastKnownFileType = image.png; path = "chats@2x.png"; sourceTree = "<group>"; };
		04A00A871547942300EB44E3 /* country.png */ = {isa = PBXFileReference; lastKnownFileType = image.png; path = country.png; sourceTree = "<group>"; };
		04A00A881547942300EB44E3 /* country@2x.png */ = {isa = PBXFileReference; lastKnownFileType = image.png; path = "country@2x.png"; sourceTree = "<group>"; };
		04A00A891547942300EB44E3 /* details-photo-mask.png */ = {isa = PBXFileReference; lastKnownFileType = image.png; path = "details-photo-mask.png"; sourceTree = "<group>"; };
		04A00A8A1547942300EB44E3 /* details-photo-mask@2x.png */ = {isa = PBXFileReference; lastKnownFileType = image.png; path = "details-photo-mask@2x.png"; sourceTree = "<group>"; };
		04A00A8B1547942300EB44E3 /* dish-beef.jpg */ = {isa = PBXFileReference; lastKnownFileType = image.jpeg; path = "dish-beef.jpg"; sourceTree = "<group>"; };
		04A00A8C1547942300EB44E3 /* dish-bolognese.jpg */ = {isa = PBXFileReference; lastKnownFileType = image.jpeg; path = "dish-bolognese.jpg"; sourceTree = "<group>"; };
		04A00A8D1547942300EB44E3 /* dish-carbonara.jpg */ = {isa = PBXFileReference; lastKnownFileType = image.jpeg; path = "dish-carbonara.jpg"; sourceTree = "<group>"; };
		04A00A8E1547942300EB44E3 /* dish-fajitas.jpg */ = {isa = PBXFileReference; lastKnownFileType = image.jpeg; path = "dish-fajitas.jpg"; sourceTree = "<group>"; };
		04A00A8F1547942300EB44E3 /* food-large.jpg */ = {isa = PBXFileReference; lastKnownFileType = image.jpeg; path = "food-large.jpg"; sourceTree = "<group>"; };
		04A00A901547942300EB44E3 /* food.jpg */ = {isa = PBXFileReference; lastKnownFileType = image.jpeg; path = food.jpg; sourceTree = "<group>"; };
		04A00A911547942300EB44E3 /* friends.png */ = {isa = PBXFileReference; lastKnownFileType = image.png; path = friends.png; sourceTree = "<group>"; };
		04A00A921547942300EB44E3 /* friends@2x.png */ = {isa = PBXFileReference; lastKnownFileType = image.png; path = "friends@2x.png"; sourceTree = "<group>"; };
		04A00A931547942300EB44E3 /* icon.png */ = {isa = PBXFileReference; lastKnownFileType = image.png; path = icon.png; sourceTree = "<group>"; };
		04A00A941547942300EB44E3 /* icon1.png */ = {isa = PBXFileReference; lastKnownFileType = image.png; path = icon1.png; sourceTree = "<group>"; };
		04A00A951547942300EB44E3 /* icon1@2x.png */ = {isa = PBXFileReference; lastKnownFileType = image.png; path = "icon1@2x.png"; sourceTree = "<group>"; };
		04A00A961547942300EB44E3 /* icon2.png */ = {isa = PBXFileReference; lastKnownFileType = image.png; path = icon2.png; sourceTree = "<group>"; };
		04A00A971547942300EB44E3 /* icon2@2x.png */ = {isa = PBXFileReference; lastKnownFileType = image.png; path = "icon2@2x.png"; sourceTree = "<group>"; };
		04A00A981547942300EB44E3 /* icon3.png */ = {isa = PBXFileReference; lastKnownFileType = image.png; path = icon3.png; sourceTree = "<group>"; };
		04A00A991547942300EB44E3 /* icon3@2x.png */ = {isa = PBXFileReference; lastKnownFileType = image.png; path = "icon3@2x.png"; sourceTree = "<group>"; };
		04A00A9A1547942300EB44E3 /* icon@2x.png */ = {isa = PBXFileReference; lastKnownFileType = image.png; path = "icon@2x.png"; sourceTree = "<group>"; };
		04A00A9B1547942300EB44E3 /* ingredients-list.png */ = {isa = PBXFileReference; lastKnownFileType = image.png; path = "ingredients-list.png"; sourceTree = "<group>"; };
		04A00A9C1547942300EB44E3 /* ingredients-list@2x.png */ = {isa = PBXFileReference; lastKnownFileType = image.png; path = "ingredients-list@2x.png"; sourceTree = "<group>"; };
		04A00A9D1547942300EB44E3 /* input-text.png */ = {isa = PBXFileReference; lastKnownFileType = image.png; path = "input-text.png"; sourceTree = "<group>"; };
		04A00A9E1547942300EB44E3 /* input-text@2x.png */ = {isa = PBXFileReference; lastKnownFileType = image.png; path = "input-text@2x.png"; sourceTree = "<group>"; };
		04A00A9F1547942300EB44E3 /* ipad-back.png */ = {isa = PBXFileReference; lastKnownFileType = image.png; path = "ipad-back.png"; sourceTree = "<group>"; };
		04A00AA01547942300EB44E3 /* ipad-back@2x.png */ = {isa = PBXFileReference; lastKnownFileType = image.png; path = "ipad-back@2x.png"; sourceTree = "<group>"; };
		04A00AA11547942300EB44E3 /* ipad-BG.png */ = {isa = PBXFileReference; lastKnownFileType = image.png; path = "ipad-BG.png"; sourceTree = "<group>"; };
		04A00AA21547942300EB44E3 /* ipad-BG@2x.png */ = {isa = PBXFileReference; lastKnownFileType = image.png; path = "ipad-BG@2x.png"; sourceTree = "<group>"; };
		04A00AA31547942300EB44E3 /* ipad-bullet.png */ = {isa = PBXFileReference; lastKnownFileType = image.png; path = "ipad-bullet.png"; sourceTree = "<group>"; };
		04A00AA41547942300EB44E3 /* ipad-bullet@2x.png */ = {isa = PBXFileReference; lastKnownFileType = image.png; path = "ipad-bullet@2x.png"; sourceTree = "<group>"; };
		04A00AA51547942300EB44E3 /* ipad-dotted-pattern.png */ = {isa = PBXFileReference; lastKnownFileType = image.png; path = "ipad-dotted-pattern.png"; sourceTree = "<group>"; };
		04A00AA61547942300EB44E3 /* ipad-dotted-pattern@2x.png */ = {isa = PBXFileReference; lastKnownFileType = image.png; path = "ipad-dotted-pattern@2x.png"; sourceTree = "<group>"; };
		04A00AA71547942300EB44E3 /* ipad-image-mask.png */ = {isa = PBXFileReference; lastKnownFileType = image.png; path = "ipad-image-mask.png"; sourceTree = "<group>"; };
		04A00AA81547942300EB44E3 /* ipad-image-mask@2x.png */ = {isa = PBXFileReference; lastKnownFileType = image.png; path = "ipad-image-mask@2x.png"; sourceTree = "<group>"; };
		04A00AA91547942300EB44E3 /* ipad-main-window-bg.png */ = {isa = PBXFileReference; lastKnownFileType = image.png; path = "ipad-main-window-bg.png"; sourceTree = "<group>"; };
		04A00AAA1547942300EB44E3 /* ipad-main-window-bg@2x.png */ = {isa = PBXFileReference; lastKnownFileType = image.png; path = "ipad-main-window-bg@2x.png"; sourceTree = "<group>"; };
		04A00AAB1547942300EB44E3 /* ipad-menu-count-selected.png */ = {isa = PBXFileReference; lastKnownFileType = image.png; path = "ipad-menu-count-selected.png"; sourceTree = "<group>"; };
		04A00AAC1547942300EB44E3 /* ipad-menu-count-selected@2x.png */ = {isa = PBXFileReference; lastKnownFileType = image.png; path = "ipad-menu-count-selected@2x.png"; sourceTree = "<group>"; };
		04A00AAD1547942300EB44E3 /* ipad-menu-count.png */ = {isa = PBXFileReference; lastKnownFileType = image.png; path = "ipad-menu-count.png"; sourceTree = "<group>"; };
		04A00AAE1547942300EB44E3 /* ipad-menu-count@2x.png */ = {isa = PBXFileReference; lastKnownFileType = image.png; path = "ipad-menu-count@2x.png"; sourceTree = "<group>"; };
		04A00AAF1547942300EB44E3 /* ipad-menu-item-selected.png */ = {isa = PBXFileReference; lastKnownFileType = image.png; path = "ipad-menu-item-selected.png"; sourceTree = "<group>"; };
		04A00AB01547942300EB44E3 /* ipad-menu-item-selected@2x.png */ = {isa = PBXFileReference; lastKnownFileType = image.png; path = "ipad-menu-item-selected@2x.png"; sourceTree = "<group>"; };
		04A00AB11547942300EB44E3 /* ipad-menu-item.png */ = {isa = PBXFileReference; lastKnownFileType = image.png; path = "ipad-menu-item.png"; sourceTree = "<group>"; };
		04A00AB21547942300EB44E3 /* ipad-menu-item@2x.png */ = {isa = PBXFileReference; lastKnownFileType = image.png; path = "ipad-menu-item@2x.png"; sourceTree = "<group>"; };
		04A00AB31547942300EB44E3 /* ipad-menubar-left.png */ = {isa = PBXFileReference; lastKnownFileType = image.png; path = "ipad-menubar-left.png"; sourceTree = "<group>"; };
		04A00AB41547942300EB44E3 /* ipad-menubar-left@2x.png */ = {isa = PBXFileReference; lastKnownFileType = image.png; path = "ipad-menubar-left@2x.png"; sourceTree = "<group>"; };
		04A00AB51547942300EB44E3 /* ipad-menubar-right.png */ = {isa = PBXFileReference; lastKnownFileType = image.png; path = "ipad-menubar-right.png"; sourceTree = "<group>"; };
		04A00AB61547942300EB44E3 /* ipad-menubar-right@2x.png */ = {isa = PBXFileReference; lastKnownFileType = image.png; path = "ipad-menubar-right@2x.png"; sourceTree = "<group>"; };
		04A00AB71547942300EB44E3 /* ipad-tabbar-left.png */ = {isa = PBXFileReference; lastKnownFileType = image.png; path = "ipad-tabbar-left.png"; sourceTree = "<group>"; };
		04A00AB81547942300EB44E3 /* ipad-tabbar-left@2x.png */ = {isa = PBXFileReference; lastKnownFileType = image.png; path = "ipad-tabbar-left@2x.png"; sourceTree = "<group>"; };
		04A00AB91547942300EB44E3 /* ipad-tabbar-right.png */ = {isa = PBXFileReference; lastKnownFileType = image.png; path = "ipad-tabbar-right.png"; sourceTree = "<group>"; };
		04A00ABA1547942300EB44E3 /* ipad-tabbar-right@2x.png */ = {isa = PBXFileReference; lastKnownFileType = image.png; path = "ipad-tabbar-right@2x.png"; sourceTree = "<group>"; };
		04A00ABB1547942300EB44E3 /* leather-background.png */ = {isa = PBXFileReference; lastKnownFileType = image.png; path = "leather-background.png"; sourceTree = "<group>"; };
		04A00ABC1547942300EB44E3 /* leather-background@2x.png */ = {isa = PBXFileReference; lastKnownFileType = image.png; path = "leather-background@2x.png"; sourceTree = "<group>"; };
		04A00ABD1547942300EB44E3 /* list-item.png */ = {isa = PBXFileReference; lastKnownFileType = image.png; path = "list-item.png"; sourceTree = "<group>"; };
		04A00ABE1547942300EB44E3 /* list-item@2x.png */ = {isa = PBXFileReference; lastKnownFileType = image.png; path = "list-item@2x.png"; sourceTree = "<group>"; };
		04A00ABF1547942300EB44E3 /* list-mask.png */ = {isa = PBXFileReference; lastKnownFileType = image.png; path = "list-mask.png"; sourceTree = "<group>"; };
		04A00AC01547942300EB44E3 /* list-mask@2x.png */ = {isa = PBXFileReference; lastKnownFileType = image.png; path = "list-mask@2x.png"; sourceTree = "<group>"; };
		04A00AC11547942300EB44E3 /* navbar-icon.png */ = {isa = PBXFileReference; lastKnownFileType = image.png; path = "navbar-icon.png"; sourceTree = "<group>"; };
		04A00AC21547942300EB44E3 /* navbar-icon@2x.png */ = {isa = PBXFileReference; lastKnownFileType = image.png; path = "navbar-icon@2x.png"; sourceTree = "<group>"; };
		04A00AC31547942300EB44E3 /* navbar.png */ = {isa = PBXFileReference; lastKnownFileType = image.png; path = navbar.png; sourceTree = "<group>"; };
		04A00AC41547942300EB44E3 /* navbar@2x.png */ = {isa = PBXFileReference; lastKnownFileType = image.png; path = "navbar@2x.png"; sourceTree = "<group>"; };
		04A00AC51547942300EB44E3 /* settings.png */ = {isa = PBXFileReference; lastKnownFileType = image.png; path = settings.png; sourceTree = "<group>"; };
		04A00AC61547942300EB44E3 /* settings@2x.png */ = {isa = PBXFileReference; lastKnownFileType = image.png; path = "settings@2x.png"; sourceTree = "<group>"; };
		04A00AC71547942300EB44E3 /* slider-cap.png */ = {isa = PBXFileReference; lastKnownFileType = image.png; path = "slider-cap.png"; sourceTree = "<group>"; };
		04A00AC81547942300EB44E3 /* slider-cap@2x.png */ = {isa = PBXFileReference; lastKnownFileType = image.png; path = "slider-cap@2x.png"; sourceTree = "<group>"; };
		04A00AC91547942300EB44E3 /* slider-track-fill.png */ = {isa = PBXFileReference; lastKnownFileType = image.png; path = "slider-track-fill.png"; sourceTree = "<group>"; };
		04A00ACA1547942300EB44E3 /* slider-track-fill@2x.png */ = {isa = PBXFileReference; lastKnownFileType = image.png; path = "slider-track-fill@2x.png"; sourceTree = "<group>"; };
		04A00ACB1547942300EB44E3 /* slider-track.png */ = {isa = PBXFileReference; lastKnownFileType = image.png; path = "slider-track.png"; sourceTree = "<group>"; };
		04A00ACC1547942300EB44E3 /* slider-track@2x.png */ = {isa = PBXFileReference; lastKnownFileType = image.png; path = "slider-track@2x.png"; sourceTree = "<group>"; };
		04A00ACD1547942300EB44E3 /* step-bullet.png */ = {isa = PBXFileReference; lastKnownFileType = image.png; path = "step-bullet.png"; sourceTree = "<group>"; };
		04A00ACE1547942300EB44E3 /* step-bullet@2x.png */ = {isa = PBXFileReference; lastKnownFileType = image.png; path = "step-bullet@2x.png"; sourceTree = "<group>"; };
		04A00ACF1547942300EB44E3 /* switch-off copy.png */ = {isa = PBXFileReference; lastKnownFileType = image.png; path = "switch-off copy.png"; sourceTree = "<group>"; };
		04A00AD01547942300EB44E3 /* switch-off@2x.png */ = {isa = PBXFileReference; lastKnownFileType = image.png; path = "switch-off@2x.png"; sourceTree = "<group>"; };
		04A00AD11547942300EB44E3 /* switch-on copy.png */ = {isa = PBXFileReference; lastKnownFileType = image.png; path = "switch-on copy.png"; sourceTree = "<group>"; };
		04A00AD21547942300EB44E3 /* switch-on@2x.png */ = {isa = PBXFileReference; lastKnownFileType = image.png; path = "switch-on@2x.png"; sourceTree = "<group>"; };
		04A00AD31547942300EB44E3 /* tabbar-item.png */ = {isa = PBXFileReference; lastKnownFileType = image.png; path = "tabbar-item.png"; sourceTree = "<group>"; };
		04A00AD41547942300EB44E3 /* tabbar-item@2x.png */ = {isa = PBXFileReference; lastKnownFileType = image.png; path = "tabbar-item@2x.png"; sourceTree = "<group>"; };
		04A00AD51547942300EB44E3 /* tabbar.png */ = {isa = PBXFileReference; lastKnownFileType = image.png; path = tabbar.png; sourceTree = "<group>"; };
		04A00AD61547942300EB44E3 /* tabbar@2x.png */ = {isa = PBXFileReference; lastKnownFileType = image.png; path = "tabbar@2x.png"; sourceTree = "<group>"; };
		04A00AD71547942300EB44E3 /* time.png */ = {isa = PBXFileReference; lastKnownFileType = image.png; path = time.png; sourceTree = "<group>"; };
		04A00AD81547942300EB44E3 /* time@2x.png */ = {isa = PBXFileReference; lastKnownFileType = image.png; path = "time@2x.png"; sourceTree = "<group>"; };
		04A170E01548E9F800BFAE89 /* TokenParser.h */ = {isa = PBXFileReference; fileEncoding = 4; lastKnownFileType = sourcecode.c.h; path = TokenParser.h; sourceTree = "<group>"; };
		04A170E11548E9F800BFAE89 /* TokenParser.m */ = {isa = PBXFileReference; fileEncoding = 4; lastKnownFileType = sourcecode.c.objc; path = TokenParser.m; sourceTree = "<group>"; };
		04AC3869155D17B000843C51 /* MainMenuCell.h */ = {isa = PBXFileReference; fileEncoding = 4; lastKnownFileType = sourcecode.c.h; path = MainMenuCell.h; sourceTree = "<group>"; };
		04AC386A155D17B000843C51 /* MainMenuCell.m */ = {isa = PBXFileReference; fileEncoding = 4; lastKnownFileType = sourcecode.c.objc; path = MainMenuCell.m; sourceTree = "<group>"; };
		04C99757154EC82B0099655B /* star.png */ = {isa = PBXFileReference; lastKnownFileType = image.png; path = star.png; sourceTree = "<group>"; };
		04C9975A154ED32D0099655B /* OrderCell.h */ = {isa = PBXFileReference; fileEncoding = 4; lastKnownFileType = sourcecode.c.h; path = OrderCell.h; sourceTree = "<group>"; };
		04C9975B154ED32D0099655B /* OrderCell.m */ = {isa = PBXFileReference; fileEncoding = 4; lastKnownFileType = sourcecode.c.objc; path = OrderCell.m; sourceTree = "<group>"; };
		04C9975E154ED5F70099655B /* OrderViewController.h */ = {isa = PBXFileReference; fileEncoding = 4; lastKnownFileType = sourcecode.c.h; path = OrderViewController.h; sourceTree = "<group>"; };
		04C9975F154ED5F70099655B /* OrderViewController.m */ = {isa = PBXFileReference; fileEncoding = 4; lastKnownFileType = sourcecode.c.objc; path = OrderViewController.m; sourceTree = "<group>"; };
		04C997A5154FF7880099655B /* iToast.h */ = {isa = PBXFileReference; fileEncoding = 4; lastKnownFileType = sourcecode.c.h; path = iToast.h; sourceTree = "<group>"; };
		04C997A6154FF7880099655B /* iToast.m */ = {isa = PBXFileReference; fileEncoding = 4; lastKnownFileType = sourcecode.c.objc; path = iToast.m; sourceTree = "<group>"; };
		04C997A815500A5C0099655B /* BaseTableViewController.h */ = {isa = PBXFileReference; fileEncoding = 4; lastKnownFileType = sourcecode.c.h; path = BaseTableViewController.h; sourceTree = "<group>"; };
		04C997A915500A5C0099655B /* BaseTableViewController.m */ = {isa = PBXFileReference; fileEncoding = 4; lastKnownFileType = sourcecode.c.objc; path = BaseTableViewController.m; sourceTree = "<group>"; };
		04C997AB15500B6D0099655B /* MenuOrder.h */ = {isa = PBXFileReference; fileEncoding = 4; lastKnownFileType = sourcecode.c.h; path = MenuOrder.h; sourceTree = "<group>"; };
		04C997AC15500B6D0099655B /* MenuOrder.m */ = {isa = PBXFileReference; fileEncoding = 4; lastKnownFileType = sourcecode.c.objc; path = MenuOrder.m; sourceTree = "<group>"; };
		04C997B115500B9F0099655B /* MenuOrderItem.h */ = {isa = PBXFileReference; fileEncoding = 4; lastKnownFileType = sourcecode.c.h; path = MenuOrderItem.h; sourceTree = "<group>"; };
		04C997B215500B9F0099655B /* MenuOrderItem.m */ = {isa = PBXFileReference; fileEncoding = 4; lastKnownFileType = sourcecode.c.objc; path = MenuOrderItem.m; sourceTree = "<group>"; };
		04C997B815501B3E0099655B /* CartViewController.h */ = {isa = PBXFileReference; fileEncoding = 4; lastKnownFileType = sourcecode.c.h; path = CartViewController.h; sourceTree = "<group>"; };
		04C997B915501B3E0099655B /* CartViewController.m */ = {isa = PBXFileReference; fileEncoding = 4; lastKnownFileType = sourcecode.c.objc; path = CartViewController.m; sourceTree = "<group>"; };
		04C997BB15501F7F0099655B /* CartCell.h */ = {isa = PBXFileReference; fileEncoding = 4; lastKnownFileType = sourcecode.c.h; path = CartCell.h; sourceTree = "<group>"; };
		04C997BC15501F7F0099655B /* CartCell.m */ = {isa = PBXFileReference; fileEncoding = 4; lastKnownFileType = sourcecode.c.objc; path = CartCell.m; sourceTree = "<group>"; };
		04C997BE1550201D0099655B /* TotalCartCell.h */ = {isa = PBXFileReference; fileEncoding = 4; lastKnownFileType = sourcecode.c.h; path = TotalCartCell.h; sourceTree = "<group>"; };
		04C997BF1550201D0099655B /* TotalCartCell.m */ = {isa = PBXFileReference; fileEncoding = 4; lastKnownFileType = sourcecode.c.objc; path = TotalCartCell.m; sourceTree = "<group>"; };
		04FDA6AC154BB8A6003B853C /* TestModel.xcdatamodel */ = {isa = PBXFileReference; lastKnownFileType = wrapper.xcdatamodel; path = TestModel.xcdatamodel; sourceTree = "<group>"; };
/* End PBXFileReference section */

/* Begin PBXFrameworksBuildPhase section */
		040184E1153419A700599EA1 /* Frameworks */ = {
			isa = PBXFrameworksBuildPhase;
			buildActionMask = 2147483647;
			files = (
				048255971541B8E500A15AD9 /* libz.dylib in Frameworks */,
				040184E9153419A700599EA1 /* UIKit.framework in Frameworks */,
				040184EB153419A700599EA1 /* Foundation.framework in Frameworks */,
				040184ED153419A700599EA1 /* CoreGraphics.framework in Frameworks */,
			);
			runOnlyForDeploymentPostprocessing = 0;
		};
/* End PBXFrameworksBuildPhase section */

/* Begin PBXGroup section */
		040184D9153419A700599EA1 = {
			isa = PBXGroup;
			children = (
				048255961541B8E500A15AD9 /* libz.dylib */,
				040184EE153419A700599EA1 /* DeliveryApps */,
				040184E7153419A700599EA1 /* Frameworks */,
				040184E5153419A700599EA1 /* Products */,
			);
			sourceTree = "<group>";
		};
		040184E5153419A700599EA1 /* Products */ = {
			isa = PBXGroup;
			children = (
				040184E4153419A700599EA1 /* DeliveryApps.app */,
			);
			name = Products;
			sourceTree = "<group>";
		};
		040184E7153419A700599EA1 /* Frameworks */ = {
			isa = PBXGroup;
			children = (
				040184E8153419A700599EA1 /* UIKit.framework */,
				040184EA153419A700599EA1 /* Foundation.framework */,
				040184EC153419A700599EA1 /* CoreGraphics.framework */,
			);
			name = Frameworks;
			sourceTree = "<group>";
		};
		040184EE153419A700599EA1 /* DeliveryApps */ = {
			isa = PBXGroup;
			children = (
				04A00A7E1547942300EB44E3 /* Resources */,
				04020976153C203A0028462F /* parser */,
				040209401537BAFE0028462F /* model */,
				0402093C1537B78C0028462F /* images */,
				040208FC1536EEA00028462F /* util */,
				040208F81536EC1E0028462F /* component */,
				040208EA1536A6C90028462F /* screen */,
				040184F7153419A700599EA1 /* AppDelegate.h */,
				040184F8153419A700599EA1 /* AppDelegate.m */,
				040184FA153419A700599EA1 /* MainStoryboard.storyboard */,
				040184FD153419A700599EA1 /* ViewController.h */,
				040184FE153419A700599EA1 /* ViewController.m */,
				040184EF153419A700599EA1 /* Supporting Files */,
				04FDA6AB154BB8A5003B853C /* TestModel.xcdatamodeld */,
			);
			path = DeliveryApps;
			sourceTree = "<group>";
		};
		040184EF153419A700599EA1 /* Supporting Files */ = {
			isa = PBXGroup;
			children = (
				040184F0153419A700599EA1 /* DeliveryApps-Info.plist */,
				040184F1153419A700599EA1 /* InfoPlist.strings */,
				040184F4153419A700599EA1 /* main.m */,
				040184F6153419A700599EA1 /* DeliveryApps-Prefix.pch */,
			);
			name = "Supporting Files";
			sourceTree = "<group>";
		};
		040208EA1536A6C90028462F /* screen */ = {
			isa = PBXGroup;
			children = (
				04C997B4155018FB0099655B /* cart */,
				04C9975D154ED5E30099655B /* order */,
				04212969153D491100BB6FA5 /* vendor_dashboard */,
				040209471538CCD70028462F /* menu */,
				0402093F1537BAED0028462F /* home */,
				040209381537ADAF0028462F /* registration */,
				040208F71536EC0D0028462F /* main */,
				040208EC1536A6D60028462F /* login */,
				04C997A815500A5C0099655B /* BaseTableViewController.h */,
				04C997A915500A5C0099655B /* BaseTableViewController.m */,
			);
			name = screen;
			sourceTree = "<group>";
		};
		040208EC1536A6D60028462F /* login */ = {
			isa = PBXGroup;
			children = (
				040208ED1536A7110028462F /* LoginViewController.h */,
				040208EE1536A7110028462F /* LoginViewController.m */,
				04768B1D154695E600F31647 /* NewLoginViewController.h */,
				04768B1E154695E700F31647 /* NewLoginViewController.m */,
			);
			name = login;
			sourceTree = "<group>";
		};
		040208F71536EC0D0028462F /* main */ = {
			isa = PBXGroup;
			children = (
			);
			name = main;
			sourceTree = "<group>";
		};
		040208F81536EC1E0028462F /* component */ = {
			isa = PBXGroup;
			children = (
				040209281537AB830028462F /* ConversationCell.m */,
				040209291537AB840028462F /* ConversationCell.h */,
				0402092A1537AB840028462F /* RegistrationCell.m */,
				0402092B1537AB840028462F /* RegistrationCell.h */,
				0402092C1537AB850028462F /* BuddyItem.m */,
				0402092D1537AB850028462F /* BuddyCell.m */,
				0402092E1537AB850028462F /* BuddyItem.h */,
				0402092F1537AB850028462F /* BuddyCell.h */,
				040209301537AB850028462F /* AvatarField.h */,
				040209311537AB860028462F /* AvatarField.m */,
				0402090315379EF30028462F /* Protocols.h */,
				0402094E1538CF1F0028462F /* MenuItemCell.h */,
				0402094F1538CF200028462F /* MenuItemCell.m */,
				040209541538FD020028462F /* ListMenuCell.h */,
				040209551538FD030028462F /* ListMenuCell.m */,
				0421296E153D496600BB6FA5 /* VendorDashboardCellTop.h */,
				0421296F153D496600BB6FA5 /* VendorDashboardCellTop.m */,
				04212971153D498100BB6FA5 /* VendorDashboardCellSubMenu.h */,
				04212972153D498100BB6FA5 /* VendorDashboardCellSubMenu.m */,
				040F563F153E937A00DE8231 /* VendorItemListCell.h */,
				040F5640153E937B00DE8231 /* VendorItemListCell.m */,
				04768B211546961D00F31647 /* NewLoginCellTop.h */,
				04768B221546961D00F31647 /* NewLoginCellTop.m */,
				04768B271546966500F31647 /* NewLoginCellBottom.h */,
				04768B281546966500F31647 /* NewLoginCellBottom.m */,
				04768B311546A62B00F31647 /* NewRegistrationCell.h */,
				04768B321546A62B00F31647 /* NewRegistrationCell.m */,
				04C9975A154ED32D0099655B /* OrderCell.h */,
				04C9975B154ED32D0099655B /* OrderCell.m */,
				04C997BB15501F7F0099655B /* CartCell.h */,
				04C997BC15501F7F0099655B /* CartCell.m */,
				04C997BE1550201D0099655B /* TotalCartCell.h */,
				04C997BF1550201D0099655B /* TotalCartCell.m */,
				04AC3869155D17B000843C51 /* MainMenuCell.h */,
				04AC386A155D17B000843C51 /* MainMenuCell.m */,
			);
			name = component;
			sourceTree = "<group>";
		};
		040208FC1536EEA00028462F /* util */ = {
			isa = PBXGroup;
			children = (
				04C997A5154FF7880099655B /* iToast.h */,
				04C997A6154FF7880099655B /* iToast.m */,
				04020962153C1F480028462F /* JSON */,
				0402095F153C09590028462F /* MBProgressHUD.h */,
				04020960153C095A0028462F /* MBProgressHUD.m */,
				040209071537A9440028462F /* API.h */,
				040209081537A9440028462F /* API.m */,
				040209091537A9440028462F /* APIThread.h */,
				0402090A1537A9440028462F /* APIThread.m */,
				0402090B1537A9440028462F /* AppFactory.h */,
				0402090C1537A9440028462F /* AppFactory.m */,
				0402090D1537A9440028462F /* ImageRuntimeStorage.h */,
				0402090E1537A9450028462F /* ImageRuntimeStorage.m */,
				0402090F1537A9450028462F /* NSData+Base64.h */,
				040209101537A9450028462F /* NSData+Base64.m */,
				040209111537A9450028462F /* Util.h */,
				040209121537A9450028462F /* Util.m */,
				040209131537A9450028462F /* Utility.h */,
				040209141537A9450028462F /* Utility.m */,
				040209061537A77F0028462F /* http */,
				040208FD1536EEBF0028462F /* Resource.h */,
				040208FE1536EEBF0028462F /* Resource.m */,
			);
			name = util;
			sourceTree = "<group>";
		};
		040209061537A77F0028462F /* http */ = {
			isa = PBXGroup;
			children = (
				0402091C1537AB020028462F /* HTTPRequest.h */,
				0402091D1537AB020028462F /* HTTPRequest.m */,
				0402091E1537AB020028462F /* HTTPRequestParameter.h */,
				0402091F1537AB020028462F /* HTTPRequestParameter.m */,
				040209201537AB020028462F /* HTTPResult.h */,
				040209211537AB020028462F /* HTTPResult.m */,
				040209221537AB020028462F /* HTTPUtil.h */,
				040209231537AB020028462F /* HTTPUtil.m */,
			);
			name = http;
			sourceTree = "<group>";
		};
		040209381537ADAF0028462F /* registration */ = {
			isa = PBXGroup;
			children = (
				040209391537ADC10028462F /* RegistrationViewController.m */,
				0402093A1537ADC10028462F /* RegistrationViewController.h */,
				04768B2E1546A58800F31647 /* NewRegistrationViewController.h */,
				04768B2F1546A58800F31647 /* NewRegistrationViewController.m */,
			);
			name = registration;
			sourceTree = "<group>";
		};
		0402093C1537B78C0028462F /* images */ = {
			isa = PBXGroup;
			children = (
				0402093D1537B83E0028462F /* defaultIcon.png */,
			);
			name = images;
			sourceTree = "<group>";
		};
		0402093F1537BAED0028462F /* home */ = {
			isa = PBXGroup;
			children = (
				040209411537BB190028462F /* HomeViewController.h */,
				040209421537BB190028462F /* HomeViewController.m */,
				043C155B155D094400974924 /* NewHomeMenuViewController.h */,
				043C155C155D094400974924 /* NewHomeMenuViewController.m */,
			);
			name = home;
			sourceTree = "<group>";
		};
		040209401537BAFE0028462F /* model */ = {
			isa = PBXGroup;
			children = (
				04020977153C205C0028462F /* Vendor.h */,
				04020978153C205C0028462F /* Vendor.m */,
				040F5645153EA24F00DE8231 /* VendorMenuItem.h */,
				040F5646153EA24F00DE8231 /* VendorMenuItem.m */,
				04C997AB15500B6D0099655B /* MenuOrder.h */,
				04C997AC15500B6D0099655B /* MenuOrder.m */,
				04C997B115500B9F0099655B /* MenuOrderItem.h */,
				04C997B215500B9F0099655B /* MenuOrderItem.m */,
			);
			name = model;
			sourceTree = "<group>";
		};
		040209471538CCD70028462F /* menu */ = {
			isa = PBXGroup;
			children = (
				0402094B1538CEFC0028462F /* MenuItemViewController.h */,
				0402094C1538CEFC0028462F /* MenuItemViewController.m */,
				040209511538FCE50028462F /* ListMenuViewController.h */,
				040209521538FCE60028462F /* ListMenuViewController.m */,
			);
			name = menu;
			sourceTree = "<group>";
		};
		04020962153C1F480028462F /* JSON */ = {
			isa = PBXGroup;
			children = (
				04020963153C1F790028462F /* JSON.h */,
				04020964153C1F790028462F /* NSObject+SBJSON.h */,
				04020965153C1F790028462F /* NSObject+SBJSON.m */,
				04020966153C1F790028462F /* NSString+SBJSON.h */,
				04020967153C1F790028462F /* NSString+SBJSON.m */,
				04020968153C1F790028462F /* SBJSON.h */,
				04020969153C1F790028462F /* SBJSON.m */,
				0402096A153C1F790028462F /* SBJsonBase.h */,
				0402096B153C1F790028462F /* SBJsonBase.m */,
				0402096C153C1F790028462F /* SBJsonParser.h */,
				0402096D153C1F790028462F /* SBJsonParser.m */,
				0402096E153C1F790028462F /* SBJsonWriter.h */,
				0402096F153C1F790028462F /* SBJsonWriter.m */,
			);
			name = JSON;
			sourceTree = "<group>";
		};
		04020976153C203A0028462F /* parser */ = {
			isa = PBXGroup;
			children = (
				0402097A153C206E0028462F /* VendorParser.h */,
				0402097B153C206E0028462F /* VendorParser.m */,
				040F5642153EA24000DE8231 /* VendoerMenuItemParser.h */,
				040F5643153EA24000DE8231 /* VendoerMenuItemParser.m */,
				04A170E01548E9F800BFAE89 /* TokenParser.h */,
				04A170E11548E9F800BFAE89 /* TokenParser.m */,
			);
			name = parser;
			sourceTree = "<group>";
		};
		04212969153D491100BB6FA5 /* vendor_dashboard */ = {
			isa = PBXGroup;
			children = (
				0421296B153D493E00BB6FA5 /* VendorDashboardViewController.h */,
				0421296C153D493E00BB6FA5 /* VendorDashboardViewController.m */,
				040F563B153E936300DE8231 /* VendorItemListViewController.h */,
				040F563C153E936300DE8231 /* VendorItemListViewController.m */,
			);
			name = vendor_dashboard;
			sourceTree = "<group>";
		};
		04A00A7E1547942300EB44E3 /* Resources */ = {
			isa = PBXGroup;
			children = (
				040C897E155D268B004C7B45 /* divider.png */,
				04C99757154EC82B0099655B /* star.png */,
				04A00A7F1547942300EB44E3 /* back-button.png */,
				04A00A801547942300EB44E3 /* back-button@2x.png */,
				04A00A811547942300EB44E3 /* button-pressed.png */,
				04A00A821547942300EB44E3 /* button-pressed@2x.png */,
				04A00A831547942300EB44E3 /* button.png */,
				04A00A841547942300EB44E3 /* button@2x.png */,
				04A00A851547942300EB44E3 /* chats.png */,
				04A00A861547942300EB44E3 /* chats@2x.png */,
				04A00A871547942300EB44E3 /* country.png */,
				04A00A881547942300EB44E3 /* country@2x.png */,
				04A00A891547942300EB44E3 /* details-photo-mask.png */,
				04A00A8A1547942300EB44E3 /* details-photo-mask@2x.png */,
				04A00A8B1547942300EB44E3 /* dish-beef.jpg */,
				04A00A8C1547942300EB44E3 /* dish-bolognese.jpg */,
				04A00A8D1547942300EB44E3 /* dish-carbonara.jpg */,
				04A00A8E1547942300EB44E3 /* dish-fajitas.jpg */,
				04A00A8F1547942300EB44E3 /* food-large.jpg */,
				04A00A901547942300EB44E3 /* food.jpg */,
				04A00A911547942300EB44E3 /* friends.png */,
				04A00A921547942300EB44E3 /* friends@2x.png */,
				04A00A931547942300EB44E3 /* icon.png */,
				04A00A941547942300EB44E3 /* icon1.png */,
				04A00A951547942300EB44E3 /* icon1@2x.png */,
				04A00A961547942300EB44E3 /* icon2.png */,
				04A00A971547942300EB44E3 /* icon2@2x.png */,
				04A00A981547942300EB44E3 /* icon3.png */,
				04A00A991547942300EB44E3 /* icon3@2x.png */,
				04A00A9A1547942300EB44E3 /* icon@2x.png */,
				04A00A9B1547942300EB44E3 /* ingredients-list.png */,
				04A00A9C1547942300EB44E3 /* ingredients-list@2x.png */,
				04A00A9D1547942300EB44E3 /* input-text.png */,
				04A00A9E1547942300EB44E3 /* input-text@2x.png */,
				04A00A9F1547942300EB44E3 /* ipad-back.png */,
				04A00AA01547942300EB44E3 /* ipad-back@2x.png */,
				04A00AA11547942300EB44E3 /* ipad-BG.png */,
				04A00AA21547942300EB44E3 /* ipad-BG@2x.png */,
				04A00AA31547942300EB44E3 /* ipad-bullet.png */,
				04A00AA41547942300EB44E3 /* ipad-bullet@2x.png */,
				04A00AA51547942300EB44E3 /* ipad-dotted-pattern.png */,
				04A00AA61547942300EB44E3 /* ipad-dotted-pattern@2x.png */,
				04A00AA71547942300EB44E3 /* ipad-image-mask.png */,
				04A00AA81547942300EB44E3 /* ipad-image-mask@2x.png */,
				04A00AA91547942300EB44E3 /* ipad-main-window-bg.png */,
				04A00AAA1547942300EB44E3 /* ipad-main-window-bg@2x.png */,
				04A00AAB1547942300EB44E3 /* ipad-menu-count-selected.png */,
				04A00AAC1547942300EB44E3 /* ipad-menu-count-selected@2x.png */,
				04A00AAD1547942300EB44E3 /* ipad-menu-count.png */,
				04A00AAE1547942300EB44E3 /* ipad-menu-count@2x.png */,
				04A00AAF1547942300EB44E3 /* ipad-menu-item-selected.png */,
				04A00AB01547942300EB44E3 /* ipad-menu-item-selected@2x.png */,
				04A00AB11547942300EB44E3 /* ipad-menu-item.png */,
				04A00AB21547942300EB44E3 /* ipad-menu-item@2x.png */,
				04A00AB31547942300EB44E3 /* ipad-menubar-left.png */,
				04A00AB41547942300EB44E3 /* ipad-menubar-left@2x.png */,
				04A00AB51547942300EB44E3 /* ipad-menubar-right.png */,
				04A00AB61547942300EB44E3 /* ipad-menubar-right@2x.png */,
				04A00AB71547942300EB44E3 /* ipad-tabbar-left.png */,
				04A00AB81547942300EB44E3 /* ipad-tabbar-left@2x.png */,
				04A00AB91547942300EB44E3 /* ipad-tabbar-right.png */,
				04A00ABA1547942300EB44E3 /* ipad-tabbar-right@2x.png */,
				04A00ABB1547942300EB44E3 /* leather-background.png */,
				04A00ABC1547942300EB44E3 /* leather-background@2x.png */,
				04A00ABD1547942300EB44E3 /* list-item.png */,
				04A00ABE1547942300EB44E3 /* list-item@2x.png */,
				04A00ABF1547942300EB44E3 /* list-mask.png */,
				04A00AC01547942300EB44E3 /* list-mask@2x.png */,
				04A00AC11547942300EB44E3 /* navbar-icon.png */,
				04A00AC21547942300EB44E3 /* navbar-icon@2x.png */,
				04A00AC31547942300EB44E3 /* navbar.png */,
				04A00AC41547942300EB44E3 /* navbar@2x.png */,
				04A00AC51547942300EB44E3 /* settings.png */,
				04A00AC61547942300EB44E3 /* settings@2x.png */,
				04A00AC71547942300EB44E3 /* slider-cap.png */,
				04A00AC81547942300EB44E3 /* slider-cap@2x.png */,
				04A00AC91547942300EB44E3 /* slider-track-fill.png */,
				04A00ACA1547942300EB44E3 /* slider-track-fill@2x.png */,
				04A00ACB1547942300EB44E3 /* slider-track.png */,
				04A00ACC1547942300EB44E3 /* slider-track@2x.png */,
				04A00ACD1547942300EB44E3 /* step-bullet.png */,
				04A00ACE1547942300EB44E3 /* step-bullet@2x.png */,
				04A00ACF1547942300EB44E3 /* switch-off copy.png */,
				04A00AD01547942300EB44E3 /* switch-off@2x.png */,
				04A00AD11547942300EB44E3 /* switch-on copy.png */,
				04A00AD21547942300EB44E3 /* switch-on@2x.png */,
				04A00AD31547942300EB44E3 /* tabbar-item.png */,
				04A00AD41547942300EB44E3 /* tabbar-item@2x.png */,
				04A00AD51547942300EB44E3 /* tabbar.png */,
				04A00AD61547942300EB44E3 /* tabbar@2x.png */,
				04A00AD71547942300EB44E3 /* time.png */,
				04A00AD81547942300EB44E3 /* time@2x.png */,
			);
			path = Resources;
			sourceTree = "<group>";
		};
		04C9975D154ED5E30099655B /* order */ = {
			isa = PBXGroup;
			children = (
				04C9975E154ED5F70099655B /* OrderViewController.h */,
				04C9975F154ED5F70099655B /* OrderViewController.m */,
			);
			name = order;
			sourceTree = "<group>";
		};
		04C997B4155018FB0099655B /* cart */ = {
			isa = PBXGroup;
			children = (
				04C997B815501B3E0099655B /* CartViewController.h */,
				04C997B915501B3E0099655B /* CartViewController.m */,
			);
			name = cart;
			sourceTree = "<group>";
		};
/* End PBXGroup section */

/* Begin PBXNativeTarget section */
		040184E3153419A700599EA1 /* DeliveryApps */ = {
			isa = PBXNativeTarget;
			buildConfigurationList = 04018502153419A700599EA1 /* Build configuration list for PBXNativeTarget "DeliveryApps" */;
			buildPhases = (
				040184E0153419A700599EA1 /* Sources */,
				040184E1153419A700599EA1 /* Frameworks */,
				040184E2153419A700599EA1 /* Resources */,
			);
			buildRules = (
			);
			dependencies = (
			);
			name = DeliveryApps;
			productName = DeliveryApps;
			productReference = 040184E4153419A700599EA1 /* DeliveryApps.app */;
			productType = "com.apple.product-type.application";
		};
/* End PBXNativeTarget section */

/* Begin PBXProject section */
		040184DB153419A700599EA1 /* Project object */ = {
			isa = PBXProject;
			attributes = {
				LastUpgradeCheck = 0430;
			};
			buildConfigurationList = 040184DE153419A700599EA1 /* Build configuration list for PBXProject "DeliveryApps" */;
			compatibilityVersion = "Xcode 3.2";
			developmentRegion = English;
			hasScannedForEncodings = 0;
			knownRegions = (
				en,
			);
			mainGroup = 040184D9153419A700599EA1;
			productRefGroup = 040184E5153419A700599EA1 /* Products */;
			projectDirPath = "";
			projectRoot = "";
			targets = (
				040184E3153419A700599EA1 /* DeliveryApps */,
			);
		};
/* End PBXProject section */

/* Begin PBXResourcesBuildPhase section */
		040184E2153419A700599EA1 /* Resources */ = {
			isa = PBXResourcesBuildPhase;
			buildActionMask = 2147483647;
			files = (
				040184F3153419A700599EA1 /* InfoPlist.strings in Resources */,
				040184FC153419A700599EA1 /* MainStoryboard.storyboard in Resources */,
				0402093E1537B83E0028462F /* defaultIcon.png in Resources */,
				04A00AD91547942300EB44E3 /* back-button.png in Resources */,
				04A00ADA1547942300EB44E3 /* back-button@2x.png in Resources */,
				04A00ADB1547942300EB44E3 /* button-pressed.png in Resources */,
				04A00ADC1547942300EB44E3 /* button-pressed@2x.png in Resources */,
				04A00ADD1547942300EB44E3 /* button.png in Resources */,
				04A00ADE1547942300EB44E3 /* button@2x.png in Resources */,
				04A00ADF1547942300EB44E3 /* chats.png in Resources */,
				04A00AE01547942300EB44E3 /* chats@2x.png in Resources */,
				04A00AE11547942300EB44E3 /* country.png in Resources */,
				04A00AE21547942300EB44E3 /* country@2x.png in Resources */,
				04A00AE31547942300EB44E3 /* details-photo-mask.png in Resources */,
				04A00AE41547942300EB44E3 /* details-photo-mask@2x.png in Resources */,
				04A00AE51547942300EB44E3 /* dish-beef.jpg in Resources */,
				04A00AE61547942300EB44E3 /* dish-bolognese.jpg in Resources */,
				04A00AE71547942300EB44E3 /* dish-carbonara.jpg in Resources */,
				04A00AE81547942300EB44E3 /* dish-fajitas.jpg in Resources */,
				04A00AE91547942300EB44E3 /* food-large.jpg in Resources */,
				04A00AEA1547942300EB44E3 /* food.jpg in Resources */,
				04A00AEB1547942300EB44E3 /* friends.png in Resources */,
				04A00AEC1547942300EB44E3 /* friends@2x.png in Resources */,
				04A00AED1547942300EB44E3 /* icon.png in Resources */,
				04A00AEE1547942300EB44E3 /* icon1.png in Resources */,
				04A00AEF1547942300EB44E3 /* icon1@2x.png in Resources */,
				04A00AF01547942300EB44E3 /* icon2.png in Resources */,
				04A00AF11547942300EB44E3 /* icon2@2x.png in Resources */,
				04A00AF21547942300EB44E3 /* icon3.png in Resources */,
				04A00AF31547942300EB44E3 /* icon3@2x.png in Resources */,
				04A00AF41547942300EB44E3 /* icon@2x.png in Resources */,
				04A00AF51547942300EB44E3 /* ingredients-list.png in Resources */,
				04A00AF61547942300EB44E3 /* ingredients-list@2x.png in Resources */,
				04A00AF71547942300EB44E3 /* input-text.png in Resources */,
				04A00AF81547942300EB44E3 /* input-text@2x.png in Resources */,
				04A00AF91547942300EB44E3 /* ipad-back.png in Resources */,
				04A00AFA1547942300EB44E3 /* ipad-back@2x.png in Resources */,
				04A00AFB1547942300EB44E3 /* ipad-BG.png in Resources */,
				04A00AFC1547942300EB44E3 /* ipad-BG@2x.png in Resources */,
				04A00AFD1547942300EB44E3 /* ipad-bullet.png in Resources */,
				04A00AFE1547942300EB44E3 /* ipad-bullet@2x.png in Resources */,
				04A00AFF1547942300EB44E3 /* ipad-dotted-pattern.png in Resources */,
				04A00B001547942300EB44E3 /* ipad-dotted-pattern@2x.png in Resources */,
				04A00B011547942300EB44E3 /* ipad-image-mask.png in Resources */,
				04A00B021547942300EB44E3 /* ipad-image-mask@2x.png in Resources */,
				04A00B031547942300EB44E3 /* ipad-main-window-bg.png in Resources */,
				04A00B041547942300EB44E3 /* ipad-main-window-bg@2x.png in Resources */,
				04A00B051547942300EB44E3 /* ipad-menu-count-selected.png in Resources */,
				04A00B061547942300EB44E3 /* ipad-menu-count-selected@2x.png in Resources */,
				04A00B071547942300EB44E3 /* ipad-menu-count.png in Resources */,
				04A00B081547942300EB44E3 /* ipad-menu-count@2x.png in Resources */,
				04A00B091547942300EB44E3 /* ipad-menu-item-selected.png in Resources */,
				04A00B0A1547942300EB44E3 /* ipad-menu-item-selected@2x.png in Resources */,
				04A00B0B1547942300EB44E3 /* ipad-menu-item.png in Resources */,
				04A00B0C1547942300EB44E3 /* ipad-menu-item@2x.png in Resources */,
				04A00B0D1547942300EB44E3 /* ipad-menubar-left.png in Resources */,
				04A00B0E1547942300EB44E3 /* ipad-menubar-left@2x.png in Resources */,
				04A00B0F1547942300EB44E3 /* ipad-menubar-right.png in Resources */,
				04A00B101547942300EB44E3 /* ipad-menubar-right@2x.png in Resources */,
				04A00B111547942300EB44E3 /* ipad-tabbar-left.png in Resources */,
				04A00B121547942300EB44E3 /* ipad-tabbar-left@2x.png in Resources */,
				04A00B131547942300EB44E3 /* ipad-tabbar-right.png in Resources */,
				04A00B141547942300EB44E3 /* ipad-tabbar-right@2x.png in Resources */,
				04A00B151547942300EB44E3 /* leather-background.png in Resources */,
				04A00B161547942300EB44E3 /* leather-background@2x.png in Resources */,
				04A00B171547942300EB44E3 /* list-item.png in Resources */,
				04A00B181547942300EB44E3 /* list-item@2x.png in Resources */,
				04A00B191547942300EB44E3 /* list-mask.png in Resources */,
				04A00B1A1547942300EB44E3 /* list-mask@2x.png in Resources */,
				04A00B1B1547942300EB44E3 /* navbar-icon.png in Resources */,
				04A00B1C1547942300EB44E3 /* navbar-icon@2x.png in Resources */,
				04A00B1D1547942300EB44E3 /* navbar.png in Resources */,
				04A00B1E1547942300EB44E3 /* navbar@2x.png in Resources */,
				04A00B1F1547942300EB44E3 /* settings.png in Resources */,
				04A00B201547942300EB44E3 /* settings@2x.png in Resources */,
				04A00B211547942300EB44E3 /* slider-cap.png in Resources */,
				04A00B221547942300EB44E3 /* slider-cap@2x.png in Resources */,
				04A00B231547942300EB44E3 /* slider-track-fill.png in Resources */,
				04A00B241547942300EB44E3 /* slider-track-fill@2x.png in Resources */,
				04A00B251547942300EB44E3 /* slider-track.png in Resources */,
				04A00B261547942300EB44E3 /* slider-track@2x.png in Resources */,
				04A00B271547942300EB44E3 /* step-bullet.png in Resources */,
				04A00B281547942300EB44E3 /* step-bullet@2x.png in Resources */,
				04A00B291547942300EB44E3 /* switch-off copy.png in Resources */,
				04A00B2A1547942300EB44E3 /* switch-off@2x.png in Resources */,
				04A00B2B1547942300EB44E3 /* switch-on copy.png in Resources */,
				04A00B2C1547942300EB44E3 /* switch-on@2x.png in Resources */,
				04A00B2D1547942300EB44E3 /* tabbar-item.png in Resources */,
				04A00B2E1547942300EB44E3 /* tabbar-item@2x.png in Resources */,
				04A00B2F1547942300EB44E3 /* tabbar.png in Resources */,
				04A00B301547942300EB44E3 /* tabbar@2x.png in Resources */,
				04A00B311547942300EB44E3 /* time.png in Resources */,
				04A00B321547942300EB44E3 /* time@2x.png in Resources */,
				04C99758154EC82B0099655B /* star.png in Resources */,
				040C897F155D268B004C7B45 /* divider.png in Resources */,
			);
			runOnlyForDeploymentPostprocessing = 0;
		};
/* End PBXResourcesBuildPhase section */

/* Begin PBXSourcesBuildPhase section */
		040184E0153419A700599EA1 /* Sources */ = {
			isa = PBXSourcesBuildPhase;
			buildActionMask = 2147483647;
			files = (
				040184F5153419A700599EA1 /* main.m in Sources */,
				040184F9153419A700599EA1 /* AppDelegate.m in Sources */,
				040184FF153419A700599EA1 /* ViewController.m in Sources */,
				040208EF1536A7110028462F /* LoginViewController.m in Sources */,
				040208FF1536EEBF0028462F /* Resource.m in Sources */,
				040209151537A9460028462F /* API.m in Sources */,
				040209161537A9460028462F /* APIThread.m in Sources */,
				040209171537A9460028462F /* AppFactory.m in Sources */,
				040209181537A9460028462F /* ImageRuntimeStorage.m in Sources */,
				040209191537A9460028462F /* NSData+Base64.m in Sources */,
				0402091A1537A9460028462F /* Util.m in Sources */,
				0402091B1537A9460028462F /* Utility.m in Sources */,
				040209241537AB020028462F /* HTTPRequest.m in Sources */,
				040209251537AB020028462F /* HTTPRequestParameter.m in Sources */,
				040209261537AB020028462F /* HTTPResult.m in Sources */,
				040209271537AB020028462F /* HTTPUtil.m in Sources */,
				040209321537AB860028462F /* ConversationCell.m in Sources */,
				040209331537AB860028462F /* RegistrationCell.m in Sources */,
				040209341537AB860028462F /* BuddyItem.m in Sources */,
				040209351537AB860028462F /* BuddyCell.m in Sources */,
				040209361537AB860028462F /* AvatarField.m in Sources */,
				0402093B1537ADC10028462F /* RegistrationViewController.m in Sources */,
				040209431537BB190028462F /* HomeViewController.m in Sources */,
				0402094D1538CEFC0028462F /* MenuItemViewController.m in Sources */,
				040209501538CF210028462F /* MenuItemCell.m in Sources */,
				040209531538FCE60028462F /* ListMenuViewController.m in Sources */,
				040209561538FD040028462F /* ListMenuCell.m in Sources */,
				04020961153C095A0028462F /* MBProgressHUD.m in Sources */,
				04020970153C1F790028462F /* NSObject+SBJSON.m in Sources */,
				04020971153C1F790028462F /* NSString+SBJSON.m in Sources */,
				04020972153C1F790028462F /* SBJSON.m in Sources */,
				04020973153C1F790028462F /* SBJsonBase.m in Sources */,
				04020974153C1F790028462F /* SBJsonParser.m in Sources */,
				04020975153C1F790028462F /* SBJsonWriter.m in Sources */,
				04020979153C205C0028462F /* Vendor.m in Sources */,
				0402097C153C206E0028462F /* VendorParser.m in Sources */,
				0421296D153D493E00BB6FA5 /* VendorDashboardViewController.m in Sources */,
				04212970153D496600BB6FA5 /* VendorDashboardCellTop.m in Sources */,
				04212973153D498100BB6FA5 /* VendorDashboardCellSubMenu.m in Sources */,
				040F563D153E936300DE8231 /* VendorItemListViewController.m in Sources */,
				040F5641153E937B00DE8231 /* VendorItemListCell.m in Sources */,
				040F5644153EA24100DE8231 /* VendoerMenuItemParser.m in Sources */,
				040F5647153EA24F00DE8231 /* VendorMenuItem.m in Sources */,
				04768B1F154695E700F31647 /* NewLoginViewController.m in Sources */,
				04768B231546961D00F31647 /* NewLoginCellTop.m in Sources */,
				04768B291546966500F31647 /* NewLoginCellBottom.m in Sources */,
				04768B301546A58800F31647 /* NewRegistrationViewController.m in Sources */,
				04768B331546A62B00F31647 /* NewRegistrationCell.m in Sources */,
				04A170E21548E9F800BFAE89 /* TokenParser.m in Sources */,
				04FDA6AD154BB8A6003B853C /* TestModel.xcdatamodeld in Sources */,
				04C9975C154ED32D0099655B /* OrderCell.m in Sources */,
				04C99760154ED5F70099655B /* OrderViewController.m in Sources */,
				04C997A7154FF7890099655B /* iToast.m in Sources */,
				04C997AA15500A5D0099655B /* BaseTableViewController.m in Sources */,
				04C997AD15500B6D0099655B /* MenuOrder.m in Sources */,
				04C997B315500B9F0099655B /* MenuOrderItem.m in Sources */,
				04C997BA15501B3E0099655B /* CartViewController.m in Sources */,
				04C997BD15501F7F0099655B /* CartCell.m in Sources */,
				04C997C01550201D0099655B /* TotalCartCell.m in Sources */,
				043C155D155D094400974924 /* NewHomeMenuViewController.m in Sources */,
				04AC386B155D17B000843C51 /* MainMenuCell.m in Sources */,
			);
			runOnlyForDeploymentPostprocessing = 0;
		};
/* End PBXSourcesBuildPhase section */

/* Begin PBXVariantGroup section */
		040184F1153419A700599EA1 /* InfoPlist.strings */ = {
			isa = PBXVariantGroup;
			children = (
				040184F2153419A700599EA1 /* en */,
			);
			name = InfoPlist.strings;
			sourceTree = "<group>";
		};
		040184FA153419A700599EA1 /* MainStoryboard.storyboard */ = {
			isa = PBXVariantGroup;
			children = (
				040184FB153419A700599EA1 /* en */,
			);
			name = MainStoryboard.storyboard;
			sourceTree = "<group>";
		};
/* End PBXVariantGroup section */

/* Begin XCBuildConfiguration section */
		04018500153419A700599EA1 /* Debug */ = {
			isa = XCBuildConfiguration;
			buildSettings = {
				ALWAYS_SEARCH_USER_PATHS = NO;
				ARCHS = "$(ARCHS_STANDARD_32_BIT)";
				CLANG_ENABLE_OBJC_ARC = YES;
				CODE_SIGN_IDENTITY = "iPhone Developer";
				"CODE_SIGN_IDENTITY[sdk=iphoneos*]" = "iPhone Developer";
				COPY_PHASE_STRIP = NO;
				GCC_C_LANGUAGE_STANDARD = gnu99;
				GCC_DYNAMIC_NO_PIC = NO;
				GCC_OPTIMIZATION_LEVEL = 0;
				GCC_PREPROCESSOR_DEFINITIONS = (
					"DEBUG=1",
					"$(inherited)",
				);
				GCC_SYMBOLS_PRIVATE_EXTERN = NO;
				GCC_VERSION = com.apple.compilers.llvm.clang.1_0;
				GCC_WARN_ABOUT_RETURN_TYPE = YES;
				GCC_WARN_UNINITIALIZED_AUTOS = YES;
				GCC_WARN_UNUSED_VARIABLE = YES;
				IPHONEOS_DEPLOYMENT_TARGET = 5.0;
				PROVISIONING_PROFILE = "";
				SDKROOT = iphoneos;
			};
			name = Debug;
		};
		04018501153419A700599EA1 /* Release */ = {
			isa = XCBuildConfiguration;
			buildSettings = {
				ALWAYS_SEARCH_USER_PATHS = NO;
				ARCHS = "$(ARCHS_STANDARD_32_BIT)";
				CLANG_ENABLE_OBJC_ARC = YES;
				CODE_SIGN_IDENTITY = "iPhone Developer";
				"CODE_SIGN_IDENTITY[sdk=iphoneos*]" = "iPhone Developer";
				COPY_PHASE_STRIP = YES;
				GCC_C_LANGUAGE_STANDARD = gnu99;
				GCC_VERSION = com.apple.compilers.llvm.clang.1_0;
				GCC_WARN_ABOUT_RETURN_TYPE = YES;
				GCC_WARN_UNINITIALIZED_AUTOS = YES;
				GCC_WARN_UNUSED_VARIABLE = YES;
				IPHONEOS_DEPLOYMENT_TARGET = 5.0;
				OTHER_CFLAGS = "-DNS_BLOCK_ASSERTIONS=1";
				PROVISIONING_PROFILE = "";
				SDKROOT = iphoneos;
				VALIDATE_PRODUCT = YES;
			};
			name = Release;
		};
		04018503153419A700599EA1 /* Debug */ = {
			isa = XCBuildConfiguration;
			buildSettings = {
				GCC_PRECOMPILE_PREFIX_HEADER = YES;
				GCC_PREFIX_HEADER = "DeliveryApps/DeliveryApps-Prefix.pch";
				INFOPLIST_FILE = "DeliveryApps/DeliveryApps-Info.plist";
				LIBRARY_SEARCH_PATHS = (
					"$(inherited)",
					"\"$(SRCROOT)/TestFlightSDK1.0\"",
				);
				PRODUCT_NAME = "$(TARGET_NAME)";
				WRAPPER_EXTENSION = app;
			};
			name = Debug;
		};
		04018504153419A700599EA1 /* Release */ = {
			isa = XCBuildConfiguration;
			buildSettings = {
				GCC_PRECOMPILE_PREFIX_HEADER = YES;
				GCC_PREFIX_HEADER = "DeliveryApps/DeliveryApps-Prefix.pch";
				INFOPLIST_FILE = "DeliveryApps/DeliveryApps-Info.plist";
				LIBRARY_SEARCH_PATHS = (
					"$(inherited)",
					"\"$(SRCROOT)/TestFlightSDK1.0\"",
				);
				PRODUCT_NAME = "$(TARGET_NAME)";
				WRAPPER_EXTENSION = app;
			};
			name = Release;
		};
/* End XCBuildConfiguration section */

/* Begin XCConfigurationList section */
		040184DE153419A700599EA1 /* Build configuration list for PBXProject "DeliveryApps" */ = {
			isa = XCConfigurationList;
			buildConfigurations = (
				04018500153419A700599EA1 /* Debug */,
				04018501153419A700599EA1 /* Release */,
			);
			defaultConfigurationIsVisible = 0;
			defaultConfigurationName = Release;
		};
		04018502153419A700599EA1 /* Build configuration list for PBXNativeTarget "DeliveryApps" */ = {
			isa = XCConfigurationList;
			buildConfigurations = (
				04018503153419A700599EA1 /* Debug */,
				04018504153419A700599EA1 /* Release */,
			);
			defaultConfigurationIsVisible = 0;
			defaultConfigurationName = Release;
		};
/* End XCConfigurationList section */

/* Begin XCVersionGroup section */
		04FDA6AB154BB8A5003B853C /* TestModel.xcdatamodeld */ = {
			isa = XCVersionGroup;
			children = (
				04FDA6AC154BB8A6003B853C /* TestModel.xcdatamodel */,
			);
			currentVersion = 04FDA6AC154BB8A6003B853C /* TestModel.xcdatamodel */;
			path = TestModel.xcdatamodeld;
			sourceTree = "<group>";
			versionGroupType = wrapper.xcdatamodel;
		};
/* End XCVersionGroup section */
	};
	rootObject = 040184DB153419A700599EA1 /* Project object */;
}
